// !$*UTF8*$!
{
	archiveVersion = 1;
	classes = {
	};
	objectVersion = 46;
	objects = {

/* Begin PBXBuildFile section */
		BE2C9AD815C47E2300DD6070 /* plusButton.png in Resources */ = {isa = PBXBuildFile; fileRef = BE2C9AD715C47E2300DD6070 /* plusButton.png */; };
		BE3AFEF215BB754F006BC0D6 /* UIKit.framework in Frameworks */ = {isa = PBXBuildFile; fileRef = BE3AFEF115BB754F006BC0D6 /* UIKit.framework */; };
		BE3AFEF415BB754F006BC0D6 /* Foundation.framework in Frameworks */ = {isa = PBXBuildFile; fileRef = BE3AFEF315BB754F006BC0D6 /* Foundation.framework */; };
		BE3AFEF615BB754F006BC0D6 /* CoreGraphics.framework in Frameworks */ = {isa = PBXBuildFile; fileRef = BE3AFEF515BB754F006BC0D6 /* CoreGraphics.framework */; };
		BE3AFEFC15BB754F006BC0D6 /* InfoPlist.strings in Resources */ = {isa = PBXBuildFile; fileRef = BE3AFEFA15BB754F006BC0D6 /* InfoPlist.strings */; };
		BE3AFEFE15BB754F006BC0D6 /* main.m in Sources */ = {isa = PBXBuildFile; fileRef = BE3AFEFD15BB754F006BC0D6 /* main.m */; };
		BE3AFF0215BB754F006BC0D6 /* MealTrackerAppDelegate.m in Sources */ = {isa = PBXBuildFile; fileRef = BE3AFF0115BB754F006BC0D6 /* MealTrackerAppDelegate.m */; };
		BE3AFF0A15BB75BD006BC0D6 /* MealTracker.xcdatamodeld in Sources */ = {isa = PBXBuildFile; fileRef = BE3AFF0815BB75BD006BC0D6 /* MealTracker.xcdatamodeld */; };
		BE3AFF0C15BB79F9006BC0D6 /* iPhone.storyboard in Resources */ = {isa = PBXBuildFile; fileRef = BE3AFF0B15BB79F9006BC0D6 /* iPhone.storyboard */; };
		BE3AFF0F15BB7A3A006BC0D6 /* MealTrackerTableViewController.m in Sources */ = {isa = PBXBuildFile; fileRef = BE3AFF0E15BB7A3A006BC0D6 /* MealTrackerTableViewController.m */; };
		BE3AFF1515BB7E5B006BC0D6 /* CoreData.framework in Frameworks */ = {isa = PBXBuildFile; fileRef = BE3AFF1415BB7E5B006BC0D6 /* CoreData.framework */; };
		BE3AFF1815BB7F88006BC0D6 /* CoreDataTableViewController.m in Sources */ = {isa = PBXBuildFile; fileRef = BE3AFF1715BB7F88006BC0D6 /* CoreDataTableViewController.m */; };
		BE4392E415C0AD5E00745158 /* NSDate+day.m in Sources */ = {isa = PBXBuildFile; fileRef = BE4392E315C0AD5E00745158 /* NSDate+day.m */; };
		BE7E957315C0965500AE0C94 /* TrackerTableViewController.m in Sources */ = {isa = PBXBuildFile; fileRef = BE7E957215C0965500AE0C94 /* TrackerTableViewController.m */; };
		BE852A03160E474200A35FA2 /* Default-568h@2x.png in Resources */ = {isa = PBXBuildFile; fileRef = BE852A02160E474200A35FA2 /* Default-568h@2x.png */; };
		BE9886AC15C09049008CD618 /* Meal.m in Sources */ = {isa = PBXBuildFile; fileRef = BE9886AB15C09049008CD618 /* Meal.m */; };
		BE9886AF15C09049008CD618 /* DateEaten.m in Sources */ = {isa = PBXBuildFile; fileRef = BE9886AE15C09049008CD618 /* DateEaten.m */; };
		BE9886B215C0908D008CD618 /* DateEaten+Create.m in Sources */ = {isa = PBXBuildFile; fileRef = BE9886B115C0908D008CD618 /* DateEaten+Create.m */; };
		BEDEAC6515BB9470008D3BF4 /* Meal+Create.m in Sources */ = {isa = PBXBuildFile; fileRef = BEDEAC6415BB9470008D3BF4 /* Meal+Create.m */; };
		BEDEAC7015BBA0CA008D3BF4 /* MealEntryViewController.m in Sources */ = {isa = PBXBuildFile; fileRef = BEDEAC6F15BBA0CA008D3BF4 /* MealEntryViewController.m */; };
		BEDEAC7315BBA3D9008D3BF4 /* NSMutableDictionary+MealDictionary.m in Sources */ = {isa = PBXBuildFile; fileRef = BEDEAC7215BBA3D9008D3BF4 /* NSMutableDictionary+MealDictionary.m */; };
/* End PBXBuildFile section */

/* Begin PBXFileReference section */
		BE2C9AD715C47E2300DD6070 /* plusButton.png */ = {isa = PBXFileReference; lastKnownFileType = image.png; path = plusButton.png; sourceTree = "<group>"; };
		BE3AFEED15BB754F006BC0D6 /* MealTracker.app */ = {isa = PBXFileReference; explicitFileType = wrapper.application; includeInIndex = 0; path = MealTracker.app; sourceTree = BUILT_PRODUCTS_DIR; };
		BE3AFEF115BB754F006BC0D6 /* UIKit.framework */ = {isa = PBXFileReference; lastKnownFileType = wrapper.framework; name = UIKit.framework; path = System/Library/Frameworks/UIKit.framework; sourceTree = SDKROOT; };
		BE3AFEF315BB754F006BC0D6 /* Foundation.framework */ = {isa = PBXFileReference; lastKnownFileType = wrapper.framework; name = Foundation.framework; path = System/Library/Frameworks/Foundation.framework; sourceTree = SDKROOT; };
		BE3AFEF515BB754F006BC0D6 /* CoreGraphics.framework */ = {isa = PBXFileReference; lastKnownFileType = wrapper.framework; name = CoreGraphics.framework; path = System/Library/Frameworks/CoreGraphics.framework; sourceTree = SDKROOT; };
		BE3AFEF915BB754F006BC0D6 /* MealTracker-Info.plist */ = {isa = PBXFileReference; lastKnownFileType = text.plist.xml; path = "MealTracker-Info.plist"; sourceTree = "<group>"; };
		BE3AFEFB15BB754F006BC0D6 /* en */ = {isa = PBXFileReference; lastKnownFileType = text.plist.strings; name = en; path = en.lproj/InfoPlist.strings; sourceTree = "<group>"; };
		BE3AFEFD15BB754F006BC0D6 /* main.m */ = {isa = PBXFileReference; lastKnownFileType = sourcecode.c.objc; path = main.m; sourceTree = "<group>"; };
		BE3AFEFF15BB754F006BC0D6 /* MealTracker-Prefix.pch */ = {isa = PBXFileReference; lastKnownFileType = sourcecode.c.h; path = "MealTracker-Prefix.pch"; sourceTree = "<group>"; };
		BE3AFF0015BB754F006BC0D6 /* MealTrackerAppDelegate.h */ = {isa = PBXFileReference; lastKnownFileType = sourcecode.c.h; path = MealTrackerAppDelegate.h; sourceTree = "<group>"; };
		BE3AFF0115BB754F006BC0D6 /* MealTrackerAppDelegate.m */ = {isa = PBXFileReference; lastKnownFileType = sourcecode.c.objc; path = MealTrackerAppDelegate.m; sourceTree = "<group>"; };
		BE3AFF0915BB75BD006BC0D6 /* MealTracker.xcdatamodel */ = {isa = PBXFileReference; lastKnownFileType = wrapper.xcdatamodel; path = MealTracker.xcdatamodel; sourceTree = "<group>"; };
		BE3AFF0B15BB79F9006BC0D6 /* iPhone.storyboard */ = {isa = PBXFileReference; fileEncoding = 4; lastKnownFileType = file.storyboard; path = iPhone.storyboard; sourceTree = "<group>"; };
		BE3AFF0D15BB7A3A006BC0D6 /* MealTrackerTableViewController.h */ = {isa = PBXFileReference; fileEncoding = 4; lastKnownFileType = sourcecode.c.h; path = MealTrackerTableViewController.h; sourceTree = "<group>"; };
		BE3AFF0E15BB7A3A006BC0D6 /* MealTrackerTableViewController.m */ = {isa = PBXFileReference; fileEncoding = 4; lastKnownFileType = sourcecode.c.objc; path = MealTrackerTableViewController.m; sourceTree = "<group>"; };
		BE3AFF1415BB7E5B006BC0D6 /* CoreData.framework */ = {isa = PBXFileReference; lastKnownFileType = wrapper.framework; name = CoreData.framework; path = System/Library/Frameworks/CoreData.framework; sourceTree = SDKROOT; };
		BE3AFF1615BB7F88006BC0D6 /* CoreDataTableViewController.h */ = {isa = PBXFileReference; fileEncoding = 4; lastKnownFileType = sourcecode.c.h; path = CoreDataTableViewController.h; sourceTree = "<group>"; };
		BE3AFF1715BB7F88006BC0D6 /* CoreDataTableViewController.m */ = {isa = PBXFileReference; fileEncoding = 4; lastKnownFileType = sourcecode.c.objc; path = CoreDataTableViewController.m; sourceTree = "<group>"; };
		BE4392E215C0AD5E00745158 /* NSDate+day.h */ = {isa = PBXFileReference; fileEncoding = 4; lastKnownFileType = sourcecode.c.h; path = "NSDate+day.h"; sourceTree = "<group>"; };
		BE4392E315C0AD5E00745158 /* NSDate+day.m */ = {isa = PBXFileReference; fileEncoding = 4; lastKnownFileType = sourcecode.c.objc; path = "NSDate+day.m"; sourceTree = "<group>"; };
		BE7E957115C0965500AE0C94 /* TrackerTableViewController.h */ = {isa = PBXFileReference; fileEncoding = 4; lastKnownFileType = sourcecode.c.h; path = TrackerTableViewController.h; sourceTree = "<group>"; };
		BE7E957215C0965500AE0C94 /* TrackerTableViewController.m */ = {isa = PBXFileReference; fileEncoding = 4; lastKnownFileType = sourcecode.c.objc; path = TrackerTableViewController.m; sourceTree = "<group>"; };
		BE852A02160E474200A35FA2 /* Default-568h@2x.png */ = {isa = PBXFileReference; lastKnownFileType = image.png; path = "Default-568h@2x.png"; sourceTree = "<group>"; };
		BE9886AA15C09049008CD618 /* Meal.h */ = {isa = PBXFileReference; fileEncoding = 4; lastKnownFileType = sourcecode.c.h; path = Meal.h; sourceTree = "<group>"; };
		BE9886AB15C09049008CD618 /* Meal.m */ = {isa = PBXFileReference; fileEncoding = 4; lastKnownFileType = sourcecode.c.objc; path = Meal.m; sourceTree = "<group>"; };
		BE9886AD15C09049008CD618 /* DateEaten.h */ = {isa = PBXFileReference; fileEncoding = 4; lastKnownFileType = sourcecode.c.h; path = DateEaten.h; sourceTree = "<group>"; };
		BE9886AE15C09049008CD618 /* DateEaten.m */ = {isa = PBXFileReference; fileEncoding = 4; lastKnownFileType = sourcecode.c.objc; path = DateEaten.m; sourceTree = "<group>"; };
		BE9886B015C0908D008CD618 /* DateEaten+Create.h */ = {isa = PBXFileReference; fileEncoding = 4; lastKnownFileType = sourcecode.c.h; path = "DateEaten+Create.h"; sourceTree = "<group>"; };
		BE9886B115C0908D008CD618 /* DateEaten+Create.m */ = {isa = PBXFileReference; fileEncoding = 4; lastKnownFileType = sourcecode.c.objc; path = "DateEaten+Create.m"; sourceTree = "<group>"; };
		BEDEAC6315BB9470008D3BF4 /* Meal+Create.h */ = {isa = PBXFileReference; fileEncoding = 4; lastKnownFileType = sourcecode.c.h; path = "Meal+Create.h"; sourceTree = "<group>"; };
		BEDEAC6415BB9470008D3BF4 /* Meal+Create.m */ = {isa = PBXFileReference; fileEncoding = 4; lastKnownFileType = sourcecode.c.objc; path = "Meal+Create.m"; sourceTree = "<group>"; };
		BEDEAC6E15BBA0CA008D3BF4 /* MealEntryViewController.h */ = {isa = PBXFileReference; fileEncoding = 4; lastKnownFileType = sourcecode.c.h; path = MealEntryViewController.h; sourceTree = "<group>"; };
		BEDEAC6F15BBA0CA008D3BF4 /* MealEntryViewController.m */ = {isa = PBXFileReference; fileEncoding = 4; lastKnownFileType = sourcecode.c.objc; path = MealEntryViewController.m; sourceTree = "<group>"; };
		BEDEAC7115BBA3D8008D3BF4 /* NSMutableDictionary+MealDictionary.h */ = {isa = PBXFileReference; fileEncoding = 4; lastKnownFileType = sourcecode.c.h; path = "NSMutableDictionary+MealDictionary.h"; sourceTree = "<group>"; };
		BEDEAC7215BBA3D9008D3BF4 /* NSMutableDictionary+MealDictionary.m */ = {isa = PBXFileReference; fileEncoding = 4; lastKnownFileType = sourcecode.c.objc; path = "NSMutableDictionary+MealDictionary.m"; sourceTree = "<group>"; };
/* End PBXFileReference section */

/* Begin PBXFrameworksBuildPhase section */
		BE3AFEEA15BB754F006BC0D6 /* Frameworks */ = {
			isa = PBXFrameworksBuildPhase;
			buildActionMask = 2147483647;
			files = (
				BE3AFF1515BB7E5B006BC0D6 /* CoreData.framework in Frameworks */,
				BE3AFEF215BB754F006BC0D6 /* UIKit.framework in Frameworks */,
				BE3AFEF415BB754F006BC0D6 /* Foundation.framework in Frameworks */,
				BE3AFEF615BB754F006BC0D6 /* CoreGraphics.framework in Frameworks */,
			);
			runOnlyForDeploymentPostprocessing = 0;
		};
/* End PBXFrameworksBuildPhase section */

/* Begin PBXGroup section */
		BE1BC63C15EDE777000E31F8 /* Categories */ = {
			isa = PBXGroup;
			children = (
				BEDEAC7115BBA3D8008D3BF4 /* NSMutableDictionary+MealDictionary.h */,
				BEDEAC7215BBA3D9008D3BF4 /* NSMutableDictionary+MealDictionary.m */,
				BE4392E215C0AD5E00745158 /* NSDate+day.h */,
				BE4392E315C0AD5E00745158 /* NSDate+day.m */,
			);
			name = Categories;
			sourceTree = "<group>";
		};
		BE1BC63E15EDE7A9000E31F8 /* Core Data */ = {
			isa = PBXGroup;
			children = (
				BE3AFF1615BB7F88006BC0D6 /* CoreDataTableViewController.h */,
				BE3AFF1715BB7F88006BC0D6 /* CoreDataTableViewController.m */,
				BE9886B015C0908D008CD618 /* DateEaten+Create.h */,
				BE9886B115C0908D008CD618 /* DateEaten+Create.m */,
				BEDEAC6315BB9470008D3BF4 /* Meal+Create.h */,
				BEDEAC6415BB9470008D3BF4 /* Meal+Create.m */,
				BE3AFF0815BB75BD006BC0D6 /* MealTracker.xcdatamodeld */,
				BE9886AA15C09049008CD618 /* Meal.h */,
				BE9886AB15C09049008CD618 /* Meal.m */,
				BE9886AD15C09049008CD618 /* DateEaten.h */,
				BE9886AE15C09049008CD618 /* DateEaten.m */,
			);
			name = "Core Data";
			sourceTree = "<group>";
		};
		BE3AFEE215BB754F006BC0D6 = {
			isa = PBXGroup;
			children = (
				BE852A02160E474200A35FA2 /* Default-568h@2x.png */,
				BE3AFEF715BB754F006BC0D6 /* MealTracker */,
				BE3AFEF015BB754F006BC0D6 /* Frameworks */,
				BE3AFEEE15BB754F006BC0D6 /* Products */,
			);
			sourceTree = "<group>";
		};
		BE3AFEEE15BB754F006BC0D6 /* Products */ = {
			isa = PBXGroup;
			children = (
				BE3AFEED15BB754F006BC0D6 /* MealTracker.app */,
			);
			name = Products;
			sourceTree = "<group>";
		};
		BE3AFEF015BB754F006BC0D6 /* Frameworks */ = {
			isa = PBXGroup;
			children = (
				BE3AFF1415BB7E5B006BC0D6 /* CoreData.framework */,
				BE3AFEF115BB754F006BC0D6 /* UIKit.framework */,
				BE3AFEF315BB754F006BC0D6 /* Foundation.framework */,
				BE3AFEF515BB754F006BC0D6 /* CoreGraphics.framework */,
			);
			name = Frameworks;
			sourceTree = "<group>";
		};
		BE3AFEF715BB754F006BC0D6 /* MealTracker */ = {
			isa = PBXGroup;
			children = (
				BE3AFF0B15BB79F9006BC0D6 /* iPhone.storyboard */,
				BE7E957115C0965500AE0C94 /* TrackerTableViewController.h */,
				BE7E957215C0965500AE0C94 /* TrackerTableViewController.m */,
				BEDEAC6E15BBA0CA008D3BF4 /* MealEntryViewController.h */,
				BEDEAC6F15BBA0CA008D3BF4 /* MealEntryViewController.m */,
				BE3AFF0D15BB7A3A006BC0D6 /* MealTrackerTableViewController.h */,
				BE3AFF0E15BB7A3A006BC0D6 /* MealTrackerTableViewController.m */,
				BE3AFF0015BB754F006BC0D6 /* MealTrackerAppDelegate.h */,
				BE3AFF0115BB754F006BC0D6 /* MealTrackerAppDelegate.m */,
				BE2C9AD715C47E2300DD6070 /* plusButton.png */,
				BE1BC63E15EDE7A9000E31F8 /* Core Data */,
				BE1BC63C15EDE777000E31F8 /* Categories */,
				BE3AFEF815BB754F006BC0D6 /* Supporting Files */,
			);
			path = MealTracker;
			sourceTree = "<group>";
		};
		BE3AFEF815BB754F006BC0D6 /* Supporting Files */ = {
			isa = PBXGroup;
			children = (
				BE3AFEF915BB754F006BC0D6 /* MealTracker-Info.plist */,
				BE3AFEFA15BB754F006BC0D6 /* InfoPlist.strings */,
				BE3AFEFD15BB754F006BC0D6 /* main.m */,
				BE3AFEFF15BB754F006BC0D6 /* MealTracker-Prefix.pch */,
			);
			name = "Supporting Files";
			sourceTree = "<group>";
		};
/* End PBXGroup section */

/* Begin PBXNativeTarget section */
		BE3AFEEC15BB754F006BC0D6 /* MealTracker */ = {
			isa = PBXNativeTarget;
			buildConfigurationList = BE3AFF0515BB754F006BC0D6 /* Build configuration list for PBXNativeTarget "MealTracker" */;
			buildPhases = (
				BE3AFEE915BB754F006BC0D6 /* Sources */,
				BE3AFEEA15BB754F006BC0D6 /* Frameworks */,
				BE3AFEEB15BB754F006BC0D6 /* Resources */,
			);
			buildRules = (
			);
			dependencies = (
			);
			name = MealTracker;
			productName = MealTracker;
			productReference = BE3AFEED15BB754F006BC0D6 /* MealTracker.app */;
			productType = "com.apple.product-type.application";
		};
/* End PBXNativeTarget section */

/* Begin PBXProject section */
		BE3AFEE415BB754F006BC0D6 /* Project object */ = {
			isa = PBXProject;
			attributes = {
				CLASSPREFIX = MealTracker;
				LastUpgradeCheck = 0430;
			};
			buildConfigurationList = BE3AFEE715BB754F006BC0D6 /* Build configuration list for PBXProject "MealTracker" */;
			compatibilityVersion = "Xcode 3.2";
			developmentRegion = English;
			hasScannedForEncodings = 0;
			knownRegions = (
				en,
			);
			mainGroup = BE3AFEE215BB754F006BC0D6;
			productRefGroup = BE3AFEEE15BB754F006BC0D6 /* Products */;
			projectDirPath = "";
			projectRoot = "";
			targets = (
				BE3AFEEC15BB754F006BC0D6 /* MealTracker */,
			);
		};
/* End PBXProject section */

/* Begin PBXResourcesBuildPhase section */
		BE3AFEEB15BB754F006BC0D6 /* Resources */ = {
			isa = PBXResourcesBuildPhase;
			buildActionMask = 2147483647;
			files = (
				BE3AFEFC15BB754F006BC0D6 /* InfoPlist.strings in Resources */,
				BE3AFF0C15BB79F9006BC0D6 /* iPhone.storyboard in Resources */,
				BE2C9AD815C47E2300DD6070 /* plusButton.png in Resources */,
				BE852A03160E474200A35FA2 /* Default-568h@2x.png in Resources */,
			);
			runOnlyForDeploymentPostprocessing = 0;
		};
/* End PBXResourcesBuildPhase section */

/* Begin PBXSourcesBuildPhase section */
		BE3AFEE915BB754F006BC0D6 /* Sources */ = {
			isa = PBXSourcesBuildPhase;
			buildActionMask = 2147483647;
			files = (
				BE3AFEFE15BB754F006BC0D6 /* main.m in Sources */,
				BE3AFF0215BB754F006BC0D6 /* MealTrackerAppDelegate.m in Sources */,
				BE3AFF0A15BB75BD006BC0D6 /* MealTracker.xcdatamodeld in Sources */,
				BE3AFF0F15BB7A3A006BC0D6 /* MealTrackerTableViewController.m in Sources */,
				BE3AFF1815BB7F88006BC0D6 /* CoreDataTableViewController.m in Sources */,
				BEDEAC6515BB9470008D3BF4 /* Meal+Create.m in Sources */,
				BEDEAC7015BBA0CA008D3BF4 /* MealEntryViewController.m in Sources */,
				BEDEAC7315BBA3D9008D3BF4 /* NSMutableDictionary+MealDictionary.m in Sources */,
				BE9886AC15C09049008CD618 /* Meal.m in Sources */,
				BE9886AF15C09049008CD618 /* DateEaten.m in Sources */,
				BE9886B215C0908D008CD618 /* DateEaten+Create.m in Sources */,
				BE7E957315C0965500AE0C94 /* TrackerTableViewController.m in Sources */,
				BE4392E415C0AD5E00745158 /* NSDate+day.m in Sources */,
			);
			runOnlyForDeploymentPostprocessing = 0;
		};
/* End PBXSourcesBuildPhase section */

/* Begin PBXVariantGroup section */
		BE3AFEFA15BB754F006BC0D6 /* InfoPlist.strings */ = {
			isa = PBXVariantGroup;
			children = (
				BE3AFEFB15BB754F006BC0D6 /* en */,
			);
			name = InfoPlist.strings;
			sourceTree = "<group>";
		};
/* End PBXVariantGroup section */

/* Begin XCBuildConfiguration section */
		BE3AFF0315BB754F006BC0D6 /* Debug */ = {
			isa = XCBuildConfiguration;
			buildSettings = {
				ALWAYS_SEARCH_USER_PATHS = NO;
				ARCHS = "$(ARCHS_STANDARD_32_BIT)";
				CLANG_ENABLE_OBJC_ARC = YES;
				"CODE_SIGN_IDENTITY[sdk=iphoneos*]" = "iPhone Developer";
				COPY_PHASE_STRIP = NO;
				GCC_C_LANGUAGE_STANDARD = gnu99;
				GCC_DYNAMIC_NO_PIC = NO;
				GCC_OPTIMIZATION_LEVEL = 0;
				GCC_PREPROCESSOR_DEFINITIONS = (
					"DEBUG=1",
					"$(inherited)",
				);
				GCC_SYMBOLS_PRIVATE_EXTERN = NO;
				GCC_VERSION = com.apple.compilers.llvm.clang.1_0;
				GCC_WARN_ABOUT_RETURN_TYPE = YES;
				GCC_WARN_UNINITIALIZED_AUTOS = YES;
				GCC_WARN_UNUSED_VARIABLE = YES;
				IPHONEOS_DEPLOYMENT_TARGET = 5.1;
				SDKROOT = iphoneos;
				TARGETED_DEVICE_FAMILY = "1,2";
			};
			name = Debug;
		};
		BE3AFF0415BB754F006BC0D6 /* Release */ = {
			isa = XCBuildConfiguration;
			buildSettings = {
				ALWAYS_SEARCH_USER_PATHS = NO;
				ARCHS = "$(ARCHS_STANDARD_32_BIT)";
				CLANG_ENABLE_OBJC_ARC = YES;
				"CODE_SIGN_IDENTITY[sdk=iphoneos*]" = "iPhone Developer";
				COPY_PHASE_STRIP = YES;
				GCC_C_LANGUAGE_STANDARD = gnu99;
				GCC_VERSION = com.apple.compilers.llvm.clang.1_0;
				GCC_WARN_ABOUT_RETURN_TYPE = YES;
				GCC_WARN_UNINITIALIZED_AUTOS = YES;
				GCC_WARN_UNUSED_VARIABLE = YES;
				IPHONEOS_DEPLOYMENT_TARGET = 5.1;
				OTHER_CFLAGS = "-DNS_BLOCK_ASSERTIONS=1";
				SDKROOT = iphoneos;
				TARGETED_DEVICE_FAMILY = "1,2";
				VALIDATE_PRODUCT = YES;
			};
			name = Release;
		};
		BE3AFF0615BB754F006BC0D6 /* Debug */ = {
			isa = XCBuildConfiguration;
			buildSettings = {
				GCC_PRECOMPILE_PREFIX_HEADER = YES;
				GCC_PREFIX_HEADER = "MealTracker/MealTracker-Prefix.pch";
				INFOPLIST_FILE = "MealTracker/MealTracker-Info.plist";
				PRODUCT_NAME = "$(TARGET_NAME)";
				WRAPPER_EXTENSION = app;
			};
			name = Debug;
		};
		BE3AFF0715BB754F006BC0D6 /* Release */ = {
			isa = XCBuildConfiguration;
			buildSettings = {
				GCC_PRECOMPILE_PREFIX_HEADER = YES;
				GCC_PREFIX_HEADER = "MealTracker/MealTracker-Prefix.pch";
				INFOPLIST_FILE = "MealTracker/MealTracker-Info.plist";
				PRODUCT_NAME = "$(TARGET_NAME)";
				WRAPPER_EXTENSION = app;
			};
			name = Release;
		};
/* End XCBuildConfiguration section */

/* Begin XCConfigurationList section */
		BE3AFEE715BB754F006BC0D6 /* Build configuration list for PBXProject "MealTracker" */ = {
			isa = XCConfigurationList;
			buildConfigurations = (
				BE3AFF0315BB754F006BC0D6 /* Debug */,
				BE3AFF0415BB754F006BC0D6 /* Release */,
			);
			defaultConfigurationIsVisible = 0;
			defaultConfigurationName = Release;
		};
		BE3AFF0515BB754F006BC0D6 /* Build configuration list for PBXNativeTarget "MealTracker" */ = {
			isa = XCConfigurationList;
			buildConfigurations = (
				BE3AFF0615BB754F006BC0D6 /* Debug */,
				BE3AFF0715BB754F006BC0D6 /* Release */,
			);
			defaultConfigurationIsVisible = 0;
			defaultConfigurationName = Release;
		};
/* End XCConfigurationList section */

/* Begin XCVersionGroup section */
		BE3AFF0815BB75BD006BC0D6 /* MealTracker.xcdatamodeld */ = {
			isa = XCVersionGroup;
			children = (
				BE3AFF0915BB75BD006BC0D6 /* MealTracker.xcdatamodel */,
			);
			currentVersion = BE3AFF0915BB75BD006BC0D6 /* MealTracker.xcdatamodel */;
			path = MealTracker.xcdatamodeld;
			sourceTree = "<group>";
			versionGroupType = wrapper.xcdatamodel;
		};
/* End XCVersionGroup section */
	};
	rootObject = BE3AFEE415BB754F006BC0D6 /* Project object */;
}
