// !$*UTF8*$!
{
	archiveVersion = 1;
	classes = {
	};
	objectVersion = 46;
	objects = {

/* Begin PBXBuildFile section */
		898634DC2EE80F821BADBD2E /* Pods.framework in Frameworks */ = {isa = PBXBuildFile; fileRef = C53DAD975038881BC9894646 /* Pods.framework */; };
		BE16D4301A8B0968004E897A /* Images.xcassets in Resources */ = {isa = PBXBuildFile; fileRef = BE16D42F1A8B0968004E897A /* Images.xcassets */; };
		BE16D4331A8B0D33004E897A /* Launch Screen.xib in Resources */ = {isa = PBXBuildFile; fileRef = BE16D4321A8B0D33004E897A /* Launch Screen.xib */; };
		BE2C9AD815C47E2300DD6070 /* plusButton.png in Resources */ = {isa = PBXBuildFile; fileRef = BE2C9AD715C47E2300DD6070 /* plusButton.png */; };
		BE3AFEF215BB754F006BC0D6 /* UIKit.framework in Frameworks */ = {isa = PBXBuildFile; fileRef = BE3AFEF115BB754F006BC0D6 /* UIKit.framework */; };
		BE3AFEF415BB754F006BC0D6 /* Foundation.framework in Frameworks */ = {isa = PBXBuildFile; fileRef = BE3AFEF315BB754F006BC0D6 /* Foundation.framework */; };
		BE3AFEFC15BB754F006BC0D6 /* InfoPlist.strings in Resources */ = {isa = PBXBuildFile; fileRef = BE3AFEFA15BB754F006BC0D6 /* InfoPlist.strings */; };
		BE3AFEFE15BB754F006BC0D6 /* main.m in Sources */ = {isa = PBXBuildFile; fileRef = BE3AFEFD15BB754F006BC0D6 /* main.m */; };
		BE3AFF0215BB754F006BC0D6 /* MealTrackerAppDelegate.m in Sources */ = {isa = PBXBuildFile; fileRef = BE3AFF0115BB754F006BC0D6 /* MealTrackerAppDelegate.m */; };
		BE3AFF0C15BB79F9006BC0D6 /* iPhone.storyboard in Resources */ = {isa = PBXBuildFile; fileRef = BE3AFF0B15BB79F9006BC0D6 /* iPhone.storyboard */; };
		BE4392E415C0AD5E00745158 /* NSDate+day.m in Sources */ = {isa = PBXBuildFile; fileRef = BE4392E315C0AD5E00745158 /* NSDate+day.m */; };
		BE471A7E1C42FB160081C7C1 /* RetrieveMealService.swift in Sources */ = {isa = PBXBuildFile; fileRef = BE471A7D1C42FB160081C7C1 /* RetrieveMealService.swift */; };
		BE471A801C43246A0081C7C1 /* UserService.swift in Sources */ = {isa = PBXBuildFile; fileRef = BE471A7F1C43246A0081C7C1 /* UserService.swift */; };
		BE4788691C3F5B9200CC9CBB /* Config.swift in Sources */ = {isa = PBXBuildFile; fileRef = BE4788681C3F5B9200CC9CBB /* Config.swift */; };
		BE47886F1C3F5DB900CC9CBB /* BaseService.m in Sources */ = {isa = PBXBuildFile; fileRef = BE47886D1C3F5DB900CC9CBB /* BaseService.m */; };
		BE4788701C3F5DB900CC9CBB /* BaseService.swift in Sources */ = {isa = PBXBuildFile; fileRef = BE47886E1C3F5DB900CC9CBB /* BaseService.swift */; };
		BE5B98671C40E71500B4466B /* MealEaten.swift in Sources */ = {isa = PBXBuildFile; fileRef = BE5B98661C40E71500B4466B /* MealEaten.swift */; };
		BE5B98691C40F94500B4466B /* Meal.swift in Sources */ = {isa = PBXBuildFile; fileRef = BE5B98681C40F94500B4466B /* Meal.swift */; };
		BE729C041A9304D7006823DC /* MealBaseTableViewController.m in Sources */ = {isa = PBXBuildFile; fileRef = BE729C031A9304D7006823DC /* MealBaseTableViewController.m */; };
		BE729C071A93126E006823DC /* UserSettingsViewController.m in Sources */ = {isa = PBXBuildFile; fileRef = BE729C061A93126E006823DC /* UserSettingsViewController.m */; };
		BE7D22891B92B7370047AE03 /* MealTrackerTableViewController.swift in Sources */ = {isa = PBXBuildFile; fileRef = BE7D22881B92B7370047AE03 /* MealTrackerTableViewController.swift */; };
		BE7E957315C0965500AE0C94 /* TrackerTableViewController.m in Sources */ = {isa = PBXBuildFile; fileRef = BE7E957215C0965500AE0C94 /* TrackerTableViewController.m */; };
		BE8358FB1B96A08F001ADB1A /* TrackerTableViewController.swift in Sources */ = {isa = PBXBuildFile; fileRef = BE8358FA1B96A08F001ADB1A /* TrackerTableViewController.swift */; };
		BE852A03160E474200A35FA2 /* Default-568h@2x.png in Resources */ = {isa = PBXBuildFile; fileRef = BE852A02160E474200A35FA2 /* Default-568h@2x.png */; };
		BEA221CE1A8F144500BFC1DD /* MealEatenService.m in Sources */ = {isa = PBXBuildFile; fileRef = BEA221CD1A8F144500BFC1DD /* MealEatenService.m */; };
		BEA221D21A8F319500BFC1DD /* RetrieveMealHistoryService.m in Sources */ = {isa = PBXBuildFile; fileRef = BEA221D11A8F319500BFC1DD /* RetrieveMealHistoryService.m */; };
		BEB0A2B61A91AD11004E7B82 /* DeleteMealService.m in Sources */ = {isa = PBXBuildFile; fileRef = BEB0A2B51A91AD11004E7B82 /* DeleteMealService.m */; };
		BEB0A2BD1A91B39B004E7B82 /* DeleteMealEatenService.m in Sources */ = {isa = PBXBuildFile; fileRef = BEB0A2BC1A91B39B004E7B82 /* DeleteMealEatenService.m */; };
		BEBB74CE1B71BB9D00D2DCBA /* LoginTableViewController.swift in Sources */ = {isa = PBXBuildFile; fileRef = BEBB74CD1B71BB9D00D2DCBA /* LoginTableViewController.swift */; };
		BEBDCDBD1A8C55740033FD4C /* SaveMealService.m in Sources */ = {isa = PBXBuildFile; fileRef = BEBDCDBC1A8C55740033FD4C /* SaveMealService.m */; };
		BEC21D7D1C41725300683139 /* RetrieveMealHistoryServiceSwift.swift in Sources */ = {isa = PBXBuildFile; fileRef = BEC21D7C1C41725300683139 /* RetrieveMealHistoryServiceSwift.swift */; };
		BEDEAC7315BBA3D9008D3BF4 /* NSMutableDictionary+MealDictionary.m in Sources */ = {isa = PBXBuildFile; fileRef = BEDEAC7215BBA3D9008D3BF4 /* NSMutableDictionary+MealDictionary.m */; };
		BEDFED951C3F4735008857CA /* Podfile in Resources */ = {isa = PBXBuildFile; fileRef = BEDFED941C3F4735008857CA /* Podfile */; };
		BEF7833F1B8969130089968A /* MealEntryTableViewController.swift in Sources */ = {isa = PBXBuildFile; fileRef = BEF7833E1B8969130089968A /* MealEntryTableViewController.swift */; };
/* End PBXBuildFile section */

/* Begin PBXCopyFilesBuildPhase section */
		BEA8104F1AE33CD9001BEA5C /* Embed Frameworks */ = {
			isa = PBXCopyFilesBuildPhase;
			buildActionMask = 2147483647;
			dstPath = "";
			dstSubfolderSpec = 10;
			files = (
			);
			name = "Embed Frameworks";
			runOnlyForDeploymentPostprocessing = 0;
		};
/* End PBXCopyFilesBuildPhase section */

/* Begin PBXFileReference section */
		3B74C23929AAF1F5A1B6F833 /* Pods.release.xcconfig */ = {isa = PBXFileReference; includeInIndex = 1; lastKnownFileType = text.xcconfig; name = Pods.release.xcconfig; path = "Pods/Target Support Files/Pods/Pods.release.xcconfig"; sourceTree = "<group>"; };
		7DB03A31EACD0D3900E63513 /* Pods.debug.xcconfig */ = {isa = PBXFileReference; includeInIndex = 1; lastKnownFileType = text.xcconfig; name = Pods.debug.xcconfig; path = "Pods/Target Support Files/Pods/Pods.debug.xcconfig"; sourceTree = "<group>"; };
		BE16D42F1A8B0968004E897A /* Images.xcassets */ = {isa = PBXFileReference; lastKnownFileType = folder.assetcatalog; path = Images.xcassets; sourceTree = "<group>"; };
		BE16D4321A8B0D33004E897A /* Launch Screen.xib */ = {isa = PBXFileReference; fileEncoding = 4; lastKnownFileType = file.xib; path = "Launch Screen.xib"; sourceTree = "<group>"; };
		BE2C9AD715C47E2300DD6070 /* plusButton.png */ = {isa = PBXFileReference; lastKnownFileType = image.png; path = plusButton.png; sourceTree = "<group>"; };
		BE3AFEED15BB754F006BC0D6 /* MealTracker.app */ = {isa = PBXFileReference; explicitFileType = wrapper.application; includeInIndex = 0; path = MealTracker.app; sourceTree = BUILT_PRODUCTS_DIR; };
		BE3AFEF115BB754F006BC0D6 /* UIKit.framework */ = {isa = PBXFileReference; lastKnownFileType = wrapper.framework; name = UIKit.framework; path = System/Library/Frameworks/UIKit.framework; sourceTree = SDKROOT; };
		BE3AFEF315BB754F006BC0D6 /* Foundation.framework */ = {isa = PBXFileReference; lastKnownFileType = wrapper.framework; name = Foundation.framework; path = System/Library/Frameworks/Foundation.framework; sourceTree = SDKROOT; };
		BE3AFEF915BB754F006BC0D6 /* MealTracker-Info.plist */ = {isa = PBXFileReference; lastKnownFileType = text.plist.xml; path = "MealTracker-Info.plist"; sourceTree = "<group>"; };
		BE3AFEFB15BB754F006BC0D6 /* en */ = {isa = PBXFileReference; lastKnownFileType = text.plist.strings; name = en; path = en.lproj/InfoPlist.strings; sourceTree = "<group>"; };
		BE3AFEFD15BB754F006BC0D6 /* main.m */ = {isa = PBXFileReference; lastKnownFileType = sourcecode.c.objc; path = main.m; sourceTree = "<group>"; };
		BE3AFEFF15BB754F006BC0D6 /* MealTracker-Prefix.pch */ = {isa = PBXFileReference; lastKnownFileType = sourcecode.c.h; path = "MealTracker-Prefix.pch"; sourceTree = "<group>"; };
		BE3AFF0015BB754F006BC0D6 /* MealTrackerAppDelegate.h */ = {isa = PBXFileReference; lastKnownFileType = sourcecode.c.h; path = MealTrackerAppDelegate.h; sourceTree = "<group>"; };
		BE3AFF0115BB754F006BC0D6 /* MealTrackerAppDelegate.m */ = {isa = PBXFileReference; lastKnownFileType = sourcecode.c.objc; path = MealTrackerAppDelegate.m; sourceTree = "<group>"; };
		BE3AFF0B15BB79F9006BC0D6 /* iPhone.storyboard */ = {isa = PBXFileReference; fileEncoding = 4; lastKnownFileType = file.storyboard; path = iPhone.storyboard; sourceTree = "<group>"; };
		BE4392E215C0AD5E00745158 /* NSDate+day.h */ = {isa = PBXFileReference; fileEncoding = 4; lastKnownFileType = sourcecode.c.h; path = "NSDate+day.h"; sourceTree = "<group>"; };
		BE4392E315C0AD5E00745158 /* NSDate+day.m */ = {isa = PBXFileReference; fileEncoding = 4; lastKnownFileType = sourcecode.c.objc; path = "NSDate+day.m"; sourceTree = "<group>"; };
		BE471A7D1C42FB160081C7C1 /* RetrieveMealService.swift */ = {isa = PBXFileReference; fileEncoding = 4; lastKnownFileType = sourcecode.swift; path = RetrieveMealService.swift; sourceTree = "<group>"; };
		BE471A7F1C43246A0081C7C1 /* UserService.swift */ = {isa = PBXFileReference; fileEncoding = 4; lastKnownFileType = sourcecode.swift; path = UserService.swift; sourceTree = "<group>"; };
		BE4788681C3F5B9200CC9CBB /* Config.swift */ = {isa = PBXFileReference; fileEncoding = 4; lastKnownFileType = sourcecode.swift; path = Config.swift; sourceTree = SOURCE_ROOT; };
		BE47886C1C3F5DB900CC9CBB /* BaseService.h */ = {isa = PBXFileReference; fileEncoding = 4; lastKnownFileType = sourcecode.c.h; path = BaseService.h; sourceTree = "<group>"; };
		BE47886D1C3F5DB900CC9CBB /* BaseService.m */ = {isa = PBXFileReference; fileEncoding = 4; lastKnownFileType = sourcecode.c.objc; path = BaseService.m; sourceTree = "<group>"; };
		BE47886E1C3F5DB900CC9CBB /* BaseService.swift */ = {isa = PBXFileReference; fileEncoding = 4; lastKnownFileType = sourcecode.swift; path = BaseService.swift; sourceTree = "<group>"; };
		BE4788751C3F5FDF00CC9CBB /* ServiceErrors.h */ = {isa = PBXFileReference; lastKnownFileType = sourcecode.c.h; path = ServiceErrors.h; sourceTree = "<group>"; };
		BE5B98661C40E71500B4466B /* MealEaten.swift */ = {isa = PBXFileReference; fileEncoding = 4; lastKnownFileType = sourcecode.swift; path = MealEaten.swift; sourceTree = "<group>"; };
		BE5B98681C40F94500B4466B /* Meal.swift */ = {isa = PBXFileReference; fileEncoding = 4; lastKnownFileType = sourcecode.swift; path = Meal.swift; sourceTree = "<group>"; };
		BE729C021A9304D7006823DC /* MealBaseTableViewController.h */ = {isa = PBXFileReference; fileEncoding = 4; lastKnownFileType = sourcecode.c.h; path = MealBaseTableViewController.h; sourceTree = "<group>"; };
		BE729C031A9304D7006823DC /* MealBaseTableViewController.m */ = {isa = PBXFileReference; fileEncoding = 4; lastKnownFileType = sourcecode.c.objc; path = MealBaseTableViewController.m; sourceTree = "<group>"; };
		BE729C051A93126E006823DC /* UserSettingsViewController.h */ = {isa = PBXFileReference; fileEncoding = 4; lastKnownFileType = sourcecode.c.h; path = UserSettingsViewController.h; sourceTree = "<group>"; };
		BE729C061A93126E006823DC /* UserSettingsViewController.m */ = {isa = PBXFileReference; fileEncoding = 4; lastKnownFileType = sourcecode.c.objc; path = UserSettingsViewController.m; sourceTree = "<group>"; };
		BE7D22881B92B7370047AE03 /* MealTrackerTableViewController.swift */ = {isa = PBXFileReference; fileEncoding = 4; lastKnownFileType = sourcecode.swift; path = MealTrackerTableViewController.swift; sourceTree = "<group>"; };
		BE7E957115C0965500AE0C94 /* TrackerTableViewController.h */ = {isa = PBXFileReference; fileEncoding = 4; lastKnownFileType = sourcecode.c.h; path = TrackerTableViewController.h; sourceTree = "<group>"; };
		BE7E957215C0965500AE0C94 /* TrackerTableViewController.m */ = {isa = PBXFileReference; fileEncoding = 4; lastKnownFileType = sourcecode.c.objc; path = TrackerTableViewController.m; sourceTree = "<group>"; };
		BE8358FA1B96A08F001ADB1A /* TrackerTableViewController.swift */ = {isa = PBXFileReference; fileEncoding = 4; lastKnownFileType = sourcecode.swift; path = TrackerTableViewController.swift; sourceTree = "<group>"; };
		BE852A02160E474200A35FA2 /* Default-568h@2x.png */ = {isa = PBXFileReference; lastKnownFileType = image.png; path = "Default-568h@2x.png"; sourceTree = "<group>"; };
		BEA221CC1A8F144500BFC1DD /* MealEatenService.h */ = {isa = PBXFileReference; fileEncoding = 4; lastKnownFileType = sourcecode.c.h; path = MealEatenService.h; sourceTree = "<group>"; };
		BEA221CD1A8F144500BFC1DD /* MealEatenService.m */ = {isa = PBXFileReference; fileEncoding = 4; lastKnownFileType = sourcecode.c.objc; path = MealEatenService.m; sourceTree = "<group>"; };
		BEA221D01A8F319500BFC1DD /* RetrieveMealHistoryService.h */ = {isa = PBXFileReference; fileEncoding = 4; lastKnownFileType = sourcecode.c.h; path = RetrieveMealHistoryService.h; sourceTree = "<group>"; };
		BEA221D11A8F319500BFC1DD /* RetrieveMealHistoryService.m */ = {isa = PBXFileReference; fileEncoding = 4; lastKnownFileType = sourcecode.c.objc; path = RetrieveMealHistoryService.m; sourceTree = "<group>"; };
		BEB0A2B41A91AD11004E7B82 /* DeleteMealService.h */ = {isa = PBXFileReference; fileEncoding = 4; lastKnownFileType = sourcecode.c.h; path = DeleteMealService.h; sourceTree = "<group>"; };
		BEB0A2B51A91AD11004E7B82 /* DeleteMealService.m */ = {isa = PBXFileReference; fileEncoding = 4; lastKnownFileType = sourcecode.c.objc; path = DeleteMealService.m; sourceTree = "<group>"; };
		BEB0A2BB1A91B39B004E7B82 /* DeleteMealEatenService.h */ = {isa = PBXFileReference; fileEncoding = 4; lastKnownFileType = sourcecode.c.h; path = DeleteMealEatenService.h; sourceTree = "<group>"; };
		BEB0A2BC1A91B39B004E7B82 /* DeleteMealEatenService.m */ = {isa = PBXFileReference; fileEncoding = 4; lastKnownFileType = sourcecode.c.objc; path = DeleteMealEatenService.m; sourceTree = "<group>"; };
		BEBB74CC1B71BB9D00D2DCBA /* MealTracker-Bridging-Header.h */ = {isa = PBXFileReference; lastKnownFileType = sourcecode.c.h; path = "MealTracker-Bridging-Header.h"; sourceTree = "<group>"; };
		BEBB74CD1B71BB9D00D2DCBA /* LoginTableViewController.swift */ = {isa = PBXFileReference; fileEncoding = 4; lastKnownFileType = sourcecode.swift; path = LoginTableViewController.swift; sourceTree = "<group>"; };
		BEBDCDAD1A8C4C170033FD4C /* MealServiceErrors.h */ = {isa = PBXFileReference; fileEncoding = 4; lastKnownFileType = sourcecode.c.h; path = MealServiceErrors.h; sourceTree = "<group>"; };
		BEBDCDBB1A8C55740033FD4C /* SaveMealService.h */ = {isa = PBXFileReference; fileEncoding = 4; lastKnownFileType = sourcecode.c.h; path = SaveMealService.h; sourceTree = "<group>"; };
		BEBDCDBC1A8C55740033FD4C /* SaveMealService.m */ = {isa = PBXFileReference; fileEncoding = 4; lastKnownFileType = sourcecode.c.objc; path = SaveMealService.m; sourceTree = "<group>"; };
		BEC21D7C1C41725300683139 /* RetrieveMealHistoryServiceSwift.swift */ = {isa = PBXFileReference; fileEncoding = 4; lastKnownFileType = sourcecode.swift; path = RetrieveMealHistoryServiceSwift.swift; sourceTree = "<group>"; };
		BEDEAC7115BBA3D8008D3BF4 /* NSMutableDictionary+MealDictionary.h */ = {isa = PBXFileReference; fileEncoding = 4; lastKnownFileType = sourcecode.c.h; path = "NSMutableDictionary+MealDictionary.h"; sourceTree = "<group>"; };
		BEDEAC7215BBA3D9008D3BF4 /* NSMutableDictionary+MealDictionary.m */ = {isa = PBXFileReference; fileEncoding = 4; lastKnownFileType = sourcecode.c.objc; path = "NSMutableDictionary+MealDictionary.m"; sourceTree = "<group>"; };
		BEDFED941C3F4735008857CA /* Podfile */ = {isa = PBXFileReference; fileEncoding = 4; lastKnownFileType = text; path = Podfile; sourceTree = "<group>"; xcLanguageSpecificationIdentifier = xcode.lang.ruby; };
		BEF7833E1B8969130089968A /* MealEntryTableViewController.swift */ = {isa = PBXFileReference; fileEncoding = 4; lastKnownFileType = sourcecode.swift; path = MealEntryTableViewController.swift; sourceTree = "<group>"; };
		C53DAD975038881BC9894646 /* Pods.framework */ = {isa = PBXFileReference; explicitFileType = wrapper.framework; includeInIndex = 0; path = Pods.framework; sourceTree = BUILT_PRODUCTS_DIR; };
/* End PBXFileReference section */

/* Begin PBXFrameworksBuildPhase section */
		BE3AFEEA15BB754F006BC0D6 /* Frameworks */ = {
			isa = PBXFrameworksBuildPhase;
			buildActionMask = 2147483647;
			files = (
				BE3AFEF215BB754F006BC0D6 /* UIKit.framework in Frameworks */,
				BE3AFEF415BB754F006BC0D6 /* Foundation.framework in Frameworks */,
				898634DC2EE80F821BADBD2E /* Pods.framework in Frameworks */,
			);
			runOnlyForDeploymentPostprocessing = 0;
		};
/* End PBXFrameworksBuildPhase section */

/* Begin PBXGroup section */
		BE1BC63C15EDE777000E31F8 /* Categories */ = {
			isa = PBXGroup;
			children = (
				BEDEAC7115BBA3D8008D3BF4 /* NSMutableDictionary+MealDictionary.h */,
				BEDEAC7215BBA3D9008D3BF4 /* NSMutableDictionary+MealDictionary.m */,
				BE4392E215C0AD5E00745158 /* NSDate+day.h */,
				BE4392E315C0AD5E00745158 /* NSDate+day.m */,
			);
			name = Categories;
			sourceTree = "<group>";
		};
		BE1BC63E15EDE7A9000E31F8 /* Core Data */ = {
			isa = PBXGroup;
			children = (
			);
			name = "Core Data";
			sourceTree = "<group>";
		};
		BE3AFEE215BB754F006BC0D6 = {
			isa = PBXGroup;
			children = (
				BE4788751C3F5FDF00CC9CBB /* ServiceErrors.h */,
				BE4788681C3F5B9200CC9CBB /* Config.swift */,
				BE47886C1C3F5DB900CC9CBB /* BaseService.h */,
				BE47886D1C3F5DB900CC9CBB /* BaseService.m */,
				BE47886E1C3F5DB900CC9CBB /* BaseService.swift */,
				BEDFED941C3F4735008857CA /* Podfile */,
				BE852A02160E474200A35FA2 /* Default-568h@2x.png */,
				BE3AFEF715BB754F006BC0D6 /* MealTracker */,
				BE3AFEF015BB754F006BC0D6 /* Frameworks */,
				BE3AFEEE15BB754F006BC0D6 /* Products */,
				EF8CDE112EC03F90DADAAE3F /* Pods */,
			);
			sourceTree = "<group>";
		};
		BE3AFEEE15BB754F006BC0D6 /* Products */ = {
			isa = PBXGroup;
			children = (
				BE3AFEED15BB754F006BC0D6 /* MealTracker.app */,
			);
			name = Products;
			sourceTree = "<group>";
		};
		BE3AFEF015BB754F006BC0D6 /* Frameworks */ = {
			isa = PBXGroup;
			children = (
				BE3AFEF315BB754F006BC0D6 /* Foundation.framework */,
				BE3AFEF115BB754F006BC0D6 /* UIKit.framework */,
				C53DAD975038881BC9894646 /* Pods.framework */,
			);
			name = Frameworks;
			sourceTree = "<group>";
		};
		BE3AFEF715BB754F006BC0D6 /* MealTracker */ = {
			isa = PBXGroup;
			children = (
				BE729C021A9304D7006823DC /* MealBaseTableViewController.h */,
				BE729C031A9304D7006823DC /* MealBaseTableViewController.m */,
				BE1BC63C15EDE777000E31F8 /* Categories */,
				BE1BC63E15EDE7A9000E31F8 /* Core Data */,
				BE16D42F1A8B0968004E897A /* Images.xcassets */,
				BE3AFF0B15BB79F9006BC0D6 /* iPhone.storyboard */,
				BE16D4321A8B0D33004E897A /* Launch Screen.xib */,
				BEBB74CD1B71BB9D00D2DCBA /* LoginTableViewController.swift */,
				BEF7833E1B8969130089968A /* MealEntryTableViewController.swift */,
				BE3AFF0015BB754F006BC0D6 /* MealTrackerAppDelegate.h */,
				BE3AFF0115BB754F006BC0D6 /* MealTrackerAppDelegate.m */,
				BE7D22881B92B7370047AE03 /* MealTrackerTableViewController.swift */,
				BE2C9AD715C47E2300DD6070 /* plusButton.png */,
				BEBDCDA81A8C4B4B0033FD4C /* Service Layer */,
				BE3AFEF815BB754F006BC0D6 /* Supporting Files */,
				BE7E957115C0965500AE0C94 /* TrackerTableViewController.h */,
				BE7E957215C0965500AE0C94 /* TrackerTableViewController.m */,
				BE8358FA1B96A08F001ADB1A /* TrackerTableViewController.swift */,
				BE729C051A93126E006823DC /* UserSettingsViewController.h */,
				BE729C061A93126E006823DC /* UserSettingsViewController.m */,
				BEBB74CC1B71BB9D00D2DCBA /* MealTracker-Bridging-Header.h */,
			);
			path = MealTracker;
			sourceTree = "<group>";
		};
		BE3AFEF815BB754F006BC0D6 /* Supporting Files */ = {
			isa = PBXGroup;
			children = (
				BE3AFEF915BB754F006BC0D6 /* MealTracker-Info.plist */,
				BE3AFEFA15BB754F006BC0D6 /* InfoPlist.strings */,
				BE3AFEFD15BB754F006BC0D6 /* main.m */,
				BE3AFEFF15BB754F006BC0D6 /* MealTracker-Prefix.pch */,
			);
			name = "Supporting Files";
			sourceTree = "<group>";
		};
		BEBDCDA81A8C4B4B0033FD4C /* Service Layer */ = {
			isa = PBXGroup;
			children = (
				BEB0A2BB1A91B39B004E7B82 /* DeleteMealEatenService.h */,
				BEB0A2BC1A91B39B004E7B82 /* DeleteMealEatenService.m */,
				BEB0A2B41A91AD11004E7B82 /* DeleteMealService.h */,
				BEB0A2B51A91AD11004E7B82 /* DeleteMealService.m */,
				BEA221CC1A8F144500BFC1DD /* MealEatenService.h */,
				BEA221CD1A8F144500BFC1DD /* MealEatenService.m */,
				BEBDCDAD1A8C4C170033FD4C /* MealServiceErrors.h */,
				BEBDCDBE1A8C5EFD0033FD4C /* Model */,
				BEA221D01A8F319500BFC1DD /* RetrieveMealHistoryService.h */,
				BEA221D11A8F319500BFC1DD /* RetrieveMealHistoryService.m */,
				BEC21D7C1C41725300683139 /* RetrieveMealHistoryServiceSwift.swift */,
				BE471A7D1C42FB160081C7C1 /* RetrieveMealService.swift */,
				BEBDCDBB1A8C55740033FD4C /* SaveMealService.h */,
				BEBDCDBC1A8C55740033FD4C /* SaveMealService.m */,
				BE471A7F1C43246A0081C7C1 /* UserService.swift */,
			);
			path = "Service Layer";
			sourceTree = "<group>";
		};
		BEBDCDBE1A8C5EFD0033FD4C /* Model */ = {
			isa = PBXGroup;
			children = (
				BE5B98681C40F94500B4466B /* Meal.swift */,
				BE5B98661C40E71500B4466B /* MealEaten.swift */,
			);
			path = Model;
			sourceTree = "<group>";
		};
		EF8CDE112EC03F90DADAAE3F /* Pods */ = {
			isa = PBXGroup;
			children = (
				7DB03A31EACD0D3900E63513 /* Pods.debug.xcconfig */,
				3B74C23929AAF1F5A1B6F833 /* Pods.release.xcconfig */,
			);
			name = Pods;
			sourceTree = "<group>";
		};
/* End PBXGroup section */

/* Begin PBXNativeTarget section */
		BE3AFEEC15BB754F006BC0D6 /* MealTracker */ = {
			isa = PBXNativeTarget;
			buildConfigurationList = BE3AFF0515BB754F006BC0D6 /* Build configuration list for PBXNativeTarget "MealTracker" */;
			buildPhases = (
				2542EF46F18E4895937F9ED9 /* Check Pods Manifest.lock */,
				BE3AFEE915BB754F006BC0D6 /* Sources */,
				BE3AFEEA15BB754F006BC0D6 /* Frameworks */,
				BE3AFEEB15BB754F006BC0D6 /* Resources */,
				BEA8104F1AE33CD9001BEA5C /* Embed Frameworks */,
				6044FFA22E000CAAC591349E /* Embed Pods Frameworks */,
				461F5387D7E2FAC47C0D5E53 /* Copy Pods Resources */,
			);
			buildRules = (
			);
			dependencies = (
			);
			name = MealTracker;
			productName = MealTracker;
			productReference = BE3AFEED15BB754F006BC0D6 /* MealTracker.app */;
			productType = "com.apple.product-type.application";
		};
/* End PBXNativeTarget section */

/* Begin PBXProject section */
		BE3AFEE415BB754F006BC0D6 /* Project object */ = {
			isa = PBXProject;
			attributes = {
				CLASSPREFIX = MealTracker;
				LastSwiftUpdateCheck = 0700;
				LastUpgradeCheck = 0700;
				TargetAttributes = {
					BE3AFEEC15BB754F006BC0D6 = {
						DevelopmentTeam = 5EW7K5N9Y3;
					};
				};
			};
			buildConfigurationList = BE3AFEE715BB754F006BC0D6 /* Build configuration list for PBXProject "MealTracker" */;
			compatibilityVersion = "Xcode 3.2";
			developmentRegion = English;
			hasScannedForEncodings = 0;
			knownRegions = (
				en,
			);
			mainGroup = BE3AFEE215BB754F006BC0D6;
			productRefGroup = BE3AFEEE15BB754F006BC0D6 /* Products */;
			projectDirPath = "";
			projectRoot = "";
			targets = (
				BE3AFEEC15BB754F006BC0D6 /* MealTracker */,
			);
		};
/* End PBXProject section */

/* Begin PBXResourcesBuildPhase section */
		BE3AFEEB15BB754F006BC0D6 /* Resources */ = {
			isa = PBXResourcesBuildPhase;
			buildActionMask = 2147483647;
			files = (
				BE3AFEFC15BB754F006BC0D6 /* InfoPlist.strings in Resources */,
				BE16D4301A8B0968004E897A /* Images.xcassets in Resources */,
				BEDFED951C3F4735008857CA /* Podfile in Resources */,
				BE3AFF0C15BB79F9006BC0D6 /* iPhone.storyboard in Resources */,
				BE2C9AD815C47E2300DD6070 /* plusButton.png in Resources */,
				BE852A03160E474200A35FA2 /* Default-568h@2x.png in Resources */,
				BE16D4331A8B0D33004E897A /* Launch Screen.xib in Resources */,
			);
			runOnlyForDeploymentPostprocessing = 0;
		};
/* End PBXResourcesBuildPhase section */

/* Begin PBXShellScriptBuildPhase section */
		2542EF46F18E4895937F9ED9 /* Check Pods Manifest.lock */ = {
			isa = PBXShellScriptBuildPhase;
			buildActionMask = 2147483647;
			files = (
			);
			inputPaths = (
			);
			name = "Check Pods Manifest.lock";
			outputPaths = (
			);
			runOnlyForDeploymentPostprocessing = 0;
			shellPath = /bin/sh;
			shellScript = "diff \"${PODS_ROOT}/../Podfile.lock\" \"${PODS_ROOT}/Manifest.lock\" > /dev/null\nif [[ $? != 0 ]] ; then\n    cat << EOM\nerror: The sandbox is not in sync with the Podfile.lock. Run 'pod install' or update your CocoaPods installation.\nEOM\n    exit 1\nfi\n";
			showEnvVarsInLog = 0;
		};
		461F5387D7E2FAC47C0D5E53 /* Copy Pods Resources */ = {
			isa = PBXShellScriptBuildPhase;
			buildActionMask = 2147483647;
			files = (
			);
			inputPaths = (
			);
			name = "Copy Pods Resources";
			outputPaths = (
			);
			runOnlyForDeploymentPostprocessing = 0;
			shellPath = /bin/sh;
			shellScript = "\"${SRCROOT}/Pods/Target Support Files/Pods/Pods-resources.sh\"\n";
			showEnvVarsInLog = 0;
		};
		6044FFA22E000CAAC591349E /* Embed Pods Frameworks */ = {
			isa = PBXShellScriptBuildPhase;
			buildActionMask = 2147483647;
			files = (
			);
			inputPaths = (
			);
			name = "Embed Pods Frameworks";
			outputPaths = (
			);
			runOnlyForDeploymentPostprocessing = 0;
			shellPath = /bin/sh;
			shellScript = "\"${SRCROOT}/Pods/Target Support Files/Pods/Pods-frameworks.sh\"\n";
			showEnvVarsInLog = 0;
		};
/* End PBXShellScriptBuildPhase section */

/* Begin PBXSourcesBuildPhase section */
		BE3AFEE915BB754F006BC0D6 /* Sources */ = {
			isa = PBXSourcesBuildPhase;
			buildActionMask = 2147483647;
			files = (
				BE7D22891B92B7370047AE03 /* MealTrackerTableViewController.swift in Sources */,
				BE471A801C43246A0081C7C1 /* UserService.swift in Sources */,
				BEF7833F1B8969130089968A /* MealEntryTableViewController.swift in Sources */,
				BE729C041A9304D7006823DC /* MealBaseTableViewController.m in Sources */,
				BE5B98691C40F94500B4466B /* Meal.swift in Sources */,
				BE3AFEFE15BB754F006BC0D6 /* main.m in Sources */,
				BE3AFF0215BB754F006BC0D6 /* MealTrackerAppDelegate.m in Sources */,
				BEA221CE1A8F144500BFC1DD /* MealEatenService.m in Sources */,
				BEBDCDBD1A8C55740033FD4C /* SaveMealService.m in Sources */,
				BE471A7E1C42FB160081C7C1 /* RetrieveMealService.swift in Sources */,
				BE729C071A93126E006823DC /* UserSettingsViewController.m in Sources */,
				BE5B98671C40E71500B4466B /* MealEaten.swift in Sources */,
				BEDEAC7315BBA3D9008D3BF4 /* NSMutableDictionary+MealDictionary.m in Sources */,
				BE8358FB1B96A08F001ADB1A /* TrackerTableViewController.swift in Sources */,
				BE4788691C3F5B9200CC9CBB /* Config.swift in Sources */,
				BEC21D7D1C41725300683139 /* RetrieveMealHistoryServiceSwift.swift in Sources */,
				BE47886F1C3F5DB900CC9CBB /* BaseService.m in Sources */,
				BEB0A2BD1A91B39B004E7B82 /* DeleteMealEatenService.m in Sources */,
				BEBB74CE1B71BB9D00D2DCBA /* LoginTableViewController.swift in Sources */,
				BE7E957315C0965500AE0C94 /* TrackerTableViewController.m in Sources */,
				BEB0A2B61A91AD11004E7B82 /* DeleteMealService.m in Sources */,
				BE4392E415C0AD5E00745158 /* NSDate+day.m in Sources */,
				BEA221D21A8F319500BFC1DD /* RetrieveMealHistoryService.m in Sources */,
				BE4788701C3F5DB900CC9CBB /* BaseService.swift in Sources */,
			);
			runOnlyForDeploymentPostprocessing = 0;
		};
/* End PBXSourcesBuildPhase section */

/* Begin PBXVariantGroup section */
		BE3AFEFA15BB754F006BC0D6 /* InfoPlist.strings */ = {
			isa = PBXVariantGroup;
			children = (
				BE3AFEFB15BB754F006BC0D6 /* en */,
			);
			name = InfoPlist.strings;
			sourceTree = "<group>";
		};
/* End PBXVariantGroup section */

/* Begin XCBuildConfiguration section */
		BE3AFF0315BB754F006BC0D6 /* Debug */ = {
			isa = XCBuildConfiguration;
			buildSettings = {
				ALWAYS_SEARCH_USER_PATHS = NO;
				CLANG_ENABLE_OBJC_ARC = YES;
				CLANG_WARN_BOOL_CONVERSION = YES;
				CLANG_WARN_CONSTANT_CONVERSION = YES;
				CLANG_WARN_EMPTY_BODY = YES;
				CLANG_WARN_ENUM_CONVERSION = YES;
				CLANG_WARN_INT_CONVERSION = YES;
				CLANG_WARN_UNREACHABLE_CODE = YES;
				CLANG_WARN__DUPLICATE_METHOD_MATCH = YES;
				CODE_SIGN_IDENTITY = "iPhone Distribution: William Hindenburg (5EW7K5N9Y3)";
				"CODE_SIGN_IDENTITY[sdk=iphoneos*]" = "iPhone Distribution: William Hindenburg (5EW7K5N9Y3)";
				COPY_PHASE_STRIP = NO;
				ENABLE_STRICT_OBJC_MSGSEND = YES;
				ENABLE_TESTABILITY = YES;
				GCC_C_LANGUAGE_STANDARD = gnu99;
				GCC_DYNAMIC_NO_PIC = NO;
				GCC_NO_COMMON_BLOCKS = YES;
				GCC_OPTIMIZATION_LEVEL = 0;
				GCC_PREPROCESSOR_DEFINITIONS = (
					"DEBUG=1",
					"$(inherited)",
				);
				GCC_SYMBOLS_PRIVATE_EXTERN = NO;
				GCC_VERSION = com.apple.compilers.llvm.clang.1_0;
				GCC_WARN_64_TO_32_BIT_CONVERSION = YES;
				GCC_WARN_ABOUT_RETURN_TYPE = YES;
				GCC_WARN_UNDECLARED_SELECTOR = YES;
				GCC_WARN_UNINITIALIZED_AUTOS = YES;
				GCC_WARN_UNUSED_FUNCTION = YES;
				GCC_WARN_UNUSED_VARIABLE = YES;
				HEADER_SEARCH_PATHS = (
					"$(inherited)",
					/Applications/Xcode.app/Contents/Developer/Toolchains/XcodeDefault.xctoolchain/usr/include,
					"\"$(BUILT_PRODUCTS_DIR)/../../Headers\"",
				);
				IPHONEOS_DEPLOYMENT_TARGET = 9.1;
				ONLY_ACTIVE_ARCH = YES;
				PROVISIONING_PROFILE = "12e3c392-8232-41eb-bed5-036efe6e586f";
				SDKROOT = iphoneos;
				TARGETED_DEVICE_FAMILY = "1,2";
			};
			name = Debug;
		};
		BE3AFF0415BB754F006BC0D6 /* Release */ = {
			isa = XCBuildConfiguration;
			buildSettings = {
				ALWAYS_SEARCH_USER_PATHS = NO;
				CLANG_ENABLE_OBJC_ARC = YES;
				CLANG_WARN_BOOL_CONVERSION = YES;
				CLANG_WARN_CONSTANT_CONVERSION = YES;
				CLANG_WARN_EMPTY_BODY = YES;
				CLANG_WARN_ENUM_CONVERSION = YES;
				CLANG_WARN_INT_CONVERSION = YES;
				CLANG_WARN_UNREACHABLE_CODE = YES;
				CLANG_WARN__DUPLICATE_METHOD_MATCH = YES;
				CODE_SIGN_IDENTITY = "iPhone Distribution: William Hindenburg (5EW7K5N9Y3)";
				"CODE_SIGN_IDENTITY[sdk=iphoneos*]" = "iPhone Distribution: William Hindenburg (5EW7K5N9Y3)";
				COPY_PHASE_STRIP = YES;
				ENABLE_STRICT_OBJC_MSGSEND = YES;
				GCC_C_LANGUAGE_STANDARD = gnu99;
				GCC_NO_COMMON_BLOCKS = YES;
				GCC_VERSION = com.apple.compilers.llvm.clang.1_0;
				GCC_WARN_64_TO_32_BIT_CONVERSION = YES;
				GCC_WARN_ABOUT_RETURN_TYPE = YES;
				GCC_WARN_UNDECLARED_SELECTOR = YES;
				GCC_WARN_UNINITIALIZED_AUTOS = YES;
				GCC_WARN_UNUSED_FUNCTION = YES;
				GCC_WARN_UNUSED_VARIABLE = YES;
				HEADER_SEARCH_PATHS = (
					"$(inherited)",
					/Applications/Xcode.app/Contents/Developer/Toolchains/XcodeDefault.xctoolchain/usr/include,
					"\"$(BUILT_PRODUCTS_DIR)/../../Headers\"",
				);
				IPHONEOS_DEPLOYMENT_TARGET = 9.1;
				OTHER_CFLAGS = "-DNS_BLOCK_ASSERTIONS=1";
				PROVISIONING_PROFILE = "12e3c392-8232-41eb-bed5-036efe6e586f";
				SDKROOT = iphoneos;
				TARGETED_DEVICE_FAMILY = "1,2";
				VALIDATE_PRODUCT = YES;
			};
			name = Release;
		};
		BE3AFF0615BB754F006BC0D6 /* Debug */ = {
			isa = XCBuildConfiguration;
			baseConfigurationReference = 7DB03A31EACD0D3900E63513 /* Pods.debug.xcconfig */;
			buildSettings = {
				ASSETCATALOG_COMPILER_APPICON_NAME = AppIcon;
				ASSETCATALOG_COMPILER_LAUNCHIMAGE_NAME = LaunchImage;
				CLANG_ENABLE_MODULES = YES;
				CODE_SIGN_IDENTITY = "iPhone Distribution: William Hindenburg (5EW7K5N9Y3)";
				DEFINES_MODULE = YES;
				FRAMEWORK_SEARCH_PATHS = (
					"$(PROJECT_DIR)/MealTracker/Frameworks",
					"$(USER_LIBRARY_DIR)/Developer/Xcode/DerivedData/Build/Products/Debug-iphoneos",
				);
				GCC_PRECOMPILE_PREFIX_HEADER = YES;
				GCC_PREFIX_HEADER = "MealTracker/MealTracker-Prefix.pch";
				INFOPLIST_FILE = "MealTracker/MealTracker-Info.plist";
				IPHONEOS_DEPLOYMENT_TARGET = 9.1;
				LD_RUNPATH_SEARCH_PATHS = "$(inherited) @executable_path/Frameworks";
				OTHER_LDFLAGS = (
					"-ObjC",
					"-all_load",
					"$(inherited)",
				);
				PRODUCT_BUNDLE_IDENTIFIER = "DietApplications.${PRODUCT_NAME:rfc1034identifier}";
				PRODUCT_NAME = "$(TARGET_NAME)";
				PROVISIONING_PROFILE = "12e3c392-8232-41eb-bed5-036efe6e586f";
				SWIFT_OBJC_BRIDGING_HEADER = "MealTracker/MealTracker-Bridging-Header.h";
				SWIFT_OPTIMIZATION_LEVEL = "-Onone";
				USER_HEADER_SEARCH_PATHS = "$(inherited) /Applications/Xcode.app/Contents/Developer/Toolchains/XcodeDefault.xctoolchain/usr/include \"$(BUILT_PRODUCTS_DIR)/../../Headers\"";
				WRAPPER_EXTENSION = app;
			};
			name = Debug;
		};
		BE3AFF0715BB754F006BC0D6 /* Release */ = {
			isa = XCBuildConfiguration;
			baseConfigurationReference = 3B74C23929AAF1F5A1B6F833 /* Pods.release.xcconfig */;
			buildSettings = {
				ASSETCATALOG_COMPILER_APPICON_NAME = AppIcon;
				ASSETCATALOG_COMPILER_LAUNCHIMAGE_NAME = LaunchImage;
				CLANG_ENABLE_MODULES = YES;
				CODE_SIGN_IDENTITY = "iPhone Distribution: William Hindenburg (5EW7K5N9Y3)";
				DEFINES_MODULE = YES;
				FRAMEWORK_SEARCH_PATHS = (
					"$(PROJECT_DIR)/MealTracker/Frameworks",
					"$(USER_LIBRARY_DIR)/Developer/Xcode/DerivedData/Build/Products/Debug-iphoneos",
				);
				GCC_PRECOMPILE_PREFIX_HEADER = YES;
				GCC_PREFIX_HEADER = "MealTracker/MealTracker-Prefix.pch";
				INFOPLIST_FILE = "MealTracker/MealTracker-Info.plist";
				IPHONEOS_DEPLOYMENT_TARGET = 9.1;
				LD_RUNPATH_SEARCH_PATHS = "$(inherited) @executable_path/Frameworks";
				OTHER_LDFLAGS = (
					"-ObjC",
					"-all_load",
					"$(inherited)",
				);
				PRODUCT_BUNDLE_IDENTIFIER = "DietApplications.${PRODUCT_NAME:rfc1034identifier}";
				PRODUCT_NAME = "$(TARGET_NAME)";
				PROVISIONING_PROFILE = "12e3c392-8232-41eb-bed5-036efe6e586f";
				SWIFT_OBJC_BRIDGING_HEADER = "MealTracker/MealTracker-Bridging-Header.h";
				USER_HEADER_SEARCH_PATHS = "$(inherited) /Applications/Xcode.app/Contents/Developer/Toolchains/XcodeDefault.xctoolchain/usr/include \"$(BUILT_PRODUCTS_DIR)/../../Headers\"";
				WRAPPER_EXTENSION = app;
			};
			name = Release;
		};
/* End XCBuildConfiguration section */

/* Begin XCConfigurationList section */
		BE3AFEE715BB754F006BC0D6 /* Build configuration list for PBXProject "MealTracker" */ = {
			isa = XCConfigurationList;
			buildConfigurations = (
				BE3AFF0315BB754F006BC0D6 /* Debug */,
				BE3AFF0415BB754F006BC0D6 /* Release */,
			);
			defaultConfigurationIsVisible = 0;
			defaultConfigurationName = Release;
		};
		BE3AFF0515BB754F006BC0D6 /* Build configuration list for PBXNativeTarget "MealTracker" */ = {
			isa = XCConfigurationList;
			buildConfigurations = (
				BE3AFF0615BB754F006BC0D6 /* Debug */,
				BE3AFF0715BB754F006BC0D6 /* Release */,
			);
			defaultConfigurationIsVisible = 0;
			defaultConfigurationName = Release;
		};
/* End XCConfigurationList section */
	};
	rootObject = BE3AFEE415BB754F006BC0D6 /* Project object */;
}
