// !$*UTF8*$!
{
	archiveVersion = 1;
	classes = {
	};
	objectVersion = 46;
	objects = {

/* Begin PBXBuildFile section */
		BE16D4301A8B0968004E897A /* Images.xcassets in Resources */ = {isa = PBXBuildFile; fileRef = BE16D42F1A8B0968004E897A /* Images.xcassets */; };
		BE16D4331A8B0D33004E897A /* Launch Screen.xib in Resources */ = {isa = PBXBuildFile; fileRef = BE16D4321A8B0D33004E897A /* Launch Screen.xib */; };
		BE2C9AD815C47E2300DD6070 /* plusButton.png in Resources */ = {isa = PBXBuildFile; fileRef = BE2C9AD715C47E2300DD6070 /* plusButton.png */; };
		BE3AFEF215BB754F006BC0D6 /* UIKit.framework in Frameworks */ = {isa = PBXBuildFile; fileRef = BE3AFEF115BB754F006BC0D6 /* UIKit.framework */; };
		BE3AFEF415BB754F006BC0D6 /* Foundation.framework in Frameworks */ = {isa = PBXBuildFile; fileRef = BE3AFEF315BB754F006BC0D6 /* Foundation.framework */; };
		BE3AFEF615BB754F006BC0D6 /* CoreGraphics.framework in Frameworks */ = {isa = PBXBuildFile; fileRef = BE3AFEF515BB754F006BC0D6 /* CoreGraphics.framework */; };
		BE3AFEFC15BB754F006BC0D6 /* InfoPlist.strings in Resources */ = {isa = PBXBuildFile; fileRef = BE3AFEFA15BB754F006BC0D6 /* InfoPlist.strings */; };
		BE3AFEFE15BB754F006BC0D6 /* main.m in Sources */ = {isa = PBXBuildFile; fileRef = BE3AFEFD15BB754F006BC0D6 /* main.m */; };
		BE3AFF0215BB754F006BC0D6 /* MealTrackerAppDelegate.m in Sources */ = {isa = PBXBuildFile; fileRef = BE3AFF0115BB754F006BC0D6 /* MealTrackerAppDelegate.m */; };
		BE3AFF0A15BB75BD006BC0D6 /* MealTracker.xcdatamodeld in Sources */ = {isa = PBXBuildFile; fileRef = BE3AFF0815BB75BD006BC0D6 /* MealTracker.xcdatamodeld */; };
		BE3AFF0C15BB79F9006BC0D6 /* iPhone.storyboard in Resources */ = {isa = PBXBuildFile; fileRef = BE3AFF0B15BB79F9006BC0D6 /* iPhone.storyboard */; };
		BE3AFF0F15BB7A3A006BC0D6 /* MealTrackerTableViewController.m in Sources */ = {isa = PBXBuildFile; fileRef = BE3AFF0E15BB7A3A006BC0D6 /* MealTrackerTableViewController.m */; };
		BE3AFF1515BB7E5B006BC0D6 /* CoreData.framework in Frameworks */ = {isa = PBXBuildFile; fileRef = BE3AFF1415BB7E5B006BC0D6 /* CoreData.framework */; };
		BE3AFF1815BB7F88006BC0D6 /* CoreDataTableViewController.m in Sources */ = {isa = PBXBuildFile; fileRef = BE3AFF1715BB7F88006BC0D6 /* CoreDataTableViewController.m */; };
		BE4392E415C0AD5E00745158 /* NSDate+day.m in Sources */ = {isa = PBXBuildFile; fileRef = BE4392E315C0AD5E00745158 /* NSDate+day.m */; };
		BE6947101A8DAFC500BDB146 /* RetrieveMealService.m in Sources */ = {isa = PBXBuildFile; fileRef = BE69470F1A8DAFC500BDB146 /* RetrieveMealService.m */; };
		BE7E957315C0965500AE0C94 /* TrackerTableViewController.m in Sources */ = {isa = PBXBuildFile; fileRef = BE7E957215C0965500AE0C94 /* TrackerTableViewController.m */; };
		BE852A03160E474200A35FA2 /* Default-568h@2x.png in Resources */ = {isa = PBXBuildFile; fileRef = BE852A02160E474200A35FA2 /* Default-568h@2x.png */; };
		BE9886AC15C09049008CD618 /* Meal.m in Sources */ = {isa = PBXBuildFile; fileRef = BE9886AB15C09049008CD618 /* Meal.m */; };
		BE9886AF15C09049008CD618 /* DateEaten.m in Sources */ = {isa = PBXBuildFile; fileRef = BE9886AE15C09049008CD618 /* DateEaten.m */; };
		BE9886B215C0908D008CD618 /* DateEaten+Create.m in Sources */ = {isa = PBXBuildFile; fileRef = BE9886B115C0908D008CD618 /* DateEaten+Create.m */; };
		BEBDCDA71A8C49E90033FD4C /* libRestKit.a in Frameworks */ = {isa = PBXBuildFile; fileRef = BEBDCD9E1A8C49490033FD4C /* libRestKit.a */; };
		BEBDCDB01A8C4C170033FD4C /* BaseMealService.m in Sources */ = {isa = PBXBuildFile; fileRef = BEBDCDAB1A8C4C170033FD4C /* BaseMealService.m */; };
		BEBDCDB11A8C4C170033FD4C /* ServiceClient.m in Sources */ = {isa = PBXBuildFile; fileRef = BEBDCDAF1A8C4C170033FD4C /* ServiceClient.m */; };
		BEBDCDB31A8C512A0033FD4C /* CFNetwork.framework in Frameworks */ = {isa = PBXBuildFile; fileRef = BEBDCDB21A8C512A0033FD4C /* CFNetwork.framework */; };
		BEBDCDB51A8C513B0033FD4C /* MobileCoreServices.framework in Frameworks */ = {isa = PBXBuildFile; fileRef = BEBDCDB41A8C513B0033FD4C /* MobileCoreServices.framework */; };
		BEBDCDB71A8C51500033FD4C /* Security.framework in Frameworks */ = {isa = PBXBuildFile; fileRef = BEBDCDB61A8C51500033FD4C /* Security.framework */; };
		BEBDCDB91A8C515F0033FD4C /* SystemConfiguration.framework in Frameworks */ = {isa = PBXBuildFile; fileRef = BEBDCDB81A8C515F0033FD4C /* SystemConfiguration.framework */; };
		BEBDCDBD1A8C55740033FD4C /* SaveMealService.m in Sources */ = {isa = PBXBuildFile; fileRef = BEBDCDBC1A8C55740033FD4C /* SaveMealService.m */; };
		BEBDCDC11A8C5F1A0033FD4C /* MealData.m in Sources */ = {isa = PBXBuildFile; fileRef = BEBDCDC01A8C5F1A0033FD4C /* MealData.m */; };
		BEBDCDC41A8C674A0033FD4C /* LoginTableViewController.m in Sources */ = {isa = PBXBuildFile; fileRef = BEBDCDC31A8C674A0033FD4C /* LoginTableViewController.m */; };
		BEBDCDC71A8C6D0B0033FD4C /* User.m in Sources */ = {isa = PBXBuildFile; fileRef = BEBDCDC61A8C6D0B0033FD4C /* User.m */; };
		BEBDCDCA1A8C6F360033FD4C /* MealAuthenticationService.m in Sources */ = {isa = PBXBuildFile; fileRef = BEBDCDC91A8C6F360033FD4C /* MealAuthenticationService.m */; };
		BEDEAC6515BB9470008D3BF4 /* Meal+Create.m in Sources */ = {isa = PBXBuildFile; fileRef = BEDEAC6415BB9470008D3BF4 /* Meal+Create.m */; };
		BEDEAC7015BBA0CA008D3BF4 /* MealEntryViewController.m in Sources */ = {isa = PBXBuildFile; fileRef = BEDEAC6F15BBA0CA008D3BF4 /* MealEntryViewController.m */; };
		BEDEAC7315BBA3D9008D3BF4 /* NSMutableDictionary+MealDictionary.m in Sources */ = {isa = PBXBuildFile; fileRef = BEDEAC7215BBA3D9008D3BF4 /* NSMutableDictionary+MealDictionary.m */; };
/* End PBXBuildFile section */

/* Begin PBXContainerItemProxy section */
		BEBDCD9D1A8C49490033FD4C /* PBXContainerItemProxy */ = {
			isa = PBXContainerItemProxy;
			containerPortal = BEBDCD961A8C49490033FD4C /* RestKit.xcodeproj */;
			proxyType = 2;
			remoteGlobalIDString = 25160D1614564E810060A5C5;
			remoteInfo = RestKit;
		};
		BEBDCD9F1A8C49490033FD4C /* PBXContainerItemProxy */ = {
			isa = PBXContainerItemProxy;
			containerPortal = BEBDCD961A8C49490033FD4C /* RestKit.xcodeproj */;
			proxyType = 2;
			remoteGlobalIDString = 25160D2614564E820060A5C5;
			remoteInfo = RestKitTests;
		};
		BEBDCDA11A8C49490033FD4C /* PBXContainerItemProxy */ = {
			isa = PBXContainerItemProxy;
			containerPortal = BEBDCD961A8C49490033FD4C /* RestKit.xcodeproj */;
			proxyType = 2;
			remoteGlobalIDString = 25160E62145651060060A5C5;
			remoteInfo = RestKitFramework;
		};
		BEBDCDA31A8C49490033FD4C /* PBXContainerItemProxy */ = {
			isa = PBXContainerItemProxy;
			containerPortal = BEBDCD961A8C49490033FD4C /* RestKit.xcodeproj */;
			proxyType = 2;
			remoteGlobalIDString = 25160E78145651060060A5C5;
			remoteInfo = RestKitFrameworkTests;
		};
		BEBDCDA51A8C49DA0033FD4C /* PBXContainerItemProxy */ = {
			isa = PBXContainerItemProxy;
			containerPortal = BEBDCD961A8C49490033FD4C /* RestKit.xcodeproj */;
			proxyType = 1;
			remoteGlobalIDString = 25160D1514564E810060A5C5;
			remoteInfo = RestKit;
		};
/* End PBXContainerItemProxy section */

/* Begin PBXFileReference section */
		BE16D42F1A8B0968004E897A /* Images.xcassets */ = {isa = PBXFileReference; lastKnownFileType = folder.assetcatalog; path = Images.xcassets; sourceTree = "<group>"; };
		BE16D4321A8B0D33004E897A /* Launch Screen.xib */ = {isa = PBXFileReference; fileEncoding = 4; lastKnownFileType = file.xib; path = "Launch Screen.xib"; sourceTree = "<group>"; };
		BE2C9AD715C47E2300DD6070 /* plusButton.png */ = {isa = PBXFileReference; lastKnownFileType = image.png; path = plusButton.png; sourceTree = "<group>"; };
		BE3AFEED15BB754F006BC0D6 /* MealTracker.app */ = {isa = PBXFileReference; explicitFileType = wrapper.application; includeInIndex = 0; path = MealTracker.app; sourceTree = BUILT_PRODUCTS_DIR; };
		BE3AFEF115BB754F006BC0D6 /* UIKit.framework */ = {isa = PBXFileReference; lastKnownFileType = wrapper.framework; name = UIKit.framework; path = System/Library/Frameworks/UIKit.framework; sourceTree = SDKROOT; };
		BE3AFEF315BB754F006BC0D6 /* Foundation.framework */ = {isa = PBXFileReference; lastKnownFileType = wrapper.framework; name = Foundation.framework; path = System/Library/Frameworks/Foundation.framework; sourceTree = SDKROOT; };
		BE3AFEF515BB754F006BC0D6 /* CoreGraphics.framework */ = {isa = PBXFileReference; lastKnownFileType = wrapper.framework; name = CoreGraphics.framework; path = System/Library/Frameworks/CoreGraphics.framework; sourceTree = SDKROOT; };
		BE3AFEF915BB754F006BC0D6 /* MealTracker-Info.plist */ = {isa = PBXFileReference; lastKnownFileType = text.plist.xml; path = "MealTracker-Info.plist"; sourceTree = "<group>"; };
		BE3AFEFB15BB754F006BC0D6 /* en */ = {isa = PBXFileReference; lastKnownFileType = text.plist.strings; name = en; path = en.lproj/InfoPlist.strings; sourceTree = "<group>"; };
		BE3AFEFD15BB754F006BC0D6 /* main.m */ = {isa = PBXFileReference; lastKnownFileType = sourcecode.c.objc; path = main.m; sourceTree = "<group>"; };
		BE3AFEFF15BB754F006BC0D6 /* MealTracker-Prefix.pch */ = {isa = PBXFileReference; lastKnownFileType = sourcecode.c.h; path = "MealTracker-Prefix.pch"; sourceTree = "<group>"; };
		BE3AFF0015BB754F006BC0D6 /* MealTrackerAppDelegate.h */ = {isa = PBXFileReference; lastKnownFileType = sourcecode.c.h; path = MealTrackerAppDelegate.h; sourceTree = "<group>"; };
		BE3AFF0115BB754F006BC0D6 /* MealTrackerAppDelegate.m */ = {isa = PBXFileReference; lastKnownFileType = sourcecode.c.objc; path = MealTrackerAppDelegate.m; sourceTree = "<group>"; };
		BE3AFF0915BB75BD006BC0D6 /* MealTracker.xcdatamodel */ = {isa = PBXFileReference; lastKnownFileType = wrapper.xcdatamodel; path = MealTracker.xcdatamodel; sourceTree = "<group>"; };
		BE3AFF0B15BB79F9006BC0D6 /* iPhone.storyboard */ = {isa = PBXFileReference; fileEncoding = 4; lastKnownFileType = file.storyboard; path = iPhone.storyboard; sourceTree = "<group>"; };
		BE3AFF0D15BB7A3A006BC0D6 /* MealTrackerTableViewController.h */ = {isa = PBXFileReference; fileEncoding = 4; lastKnownFileType = sourcecode.c.h; path = MealTrackerTableViewController.h; sourceTree = "<group>"; };
		BE3AFF0E15BB7A3A006BC0D6 /* MealTrackerTableViewController.m */ = {isa = PBXFileReference; fileEncoding = 4; lastKnownFileType = sourcecode.c.objc; path = MealTrackerTableViewController.m; sourceTree = "<group>"; };
		BE3AFF1415BB7E5B006BC0D6 /* CoreData.framework */ = {isa = PBXFileReference; lastKnownFileType = wrapper.framework; name = CoreData.framework; path = System/Library/Frameworks/CoreData.framework; sourceTree = SDKROOT; };
		BE3AFF1615BB7F88006BC0D6 /* CoreDataTableViewController.h */ = {isa = PBXFileReference; fileEncoding = 4; lastKnownFileType = sourcecode.c.h; path = CoreDataTableViewController.h; sourceTree = "<group>"; };
		BE3AFF1715BB7F88006BC0D6 /* CoreDataTableViewController.m */ = {isa = PBXFileReference; fileEncoding = 4; lastKnownFileType = sourcecode.c.objc; path = CoreDataTableViewController.m; sourceTree = "<group>"; };
		BE4392E215C0AD5E00745158 /* NSDate+day.h */ = {isa = PBXFileReference; fileEncoding = 4; lastKnownFileType = sourcecode.c.h; path = "NSDate+day.h"; sourceTree = "<group>"; };
		BE4392E315C0AD5E00745158 /* NSDate+day.m */ = {isa = PBXFileReference; fileEncoding = 4; lastKnownFileType = sourcecode.c.objc; path = "NSDate+day.m"; sourceTree = "<group>"; };
		BE69470E1A8DAFC500BDB146 /* RetrieveMealService.h */ = {isa = PBXFileReference; fileEncoding = 4; lastKnownFileType = sourcecode.c.h; path = RetrieveMealService.h; sourceTree = "<group>"; };
		BE69470F1A8DAFC500BDB146 /* RetrieveMealService.m */ = {isa = PBXFileReference; fileEncoding = 4; lastKnownFileType = sourcecode.c.objc; path = RetrieveMealService.m; sourceTree = "<group>"; };
		BE7E957115C0965500AE0C94 /* TrackerTableViewController.h */ = {isa = PBXFileReference; fileEncoding = 4; lastKnownFileType = sourcecode.c.h; path = TrackerTableViewController.h; sourceTree = "<group>"; };
		BE7E957215C0965500AE0C94 /* TrackerTableViewController.m */ = {isa = PBXFileReference; fileEncoding = 4; lastKnownFileType = sourcecode.c.objc; path = TrackerTableViewController.m; sourceTree = "<group>"; };
		BE852A02160E474200A35FA2 /* Default-568h@2x.png */ = {isa = PBXFileReference; lastKnownFileType = image.png; path = "Default-568h@2x.png"; sourceTree = "<group>"; };
		BE9886AA15C09049008CD618 /* Meal.h */ = {isa = PBXFileReference; fileEncoding = 4; lastKnownFileType = sourcecode.c.h; path = Meal.h; sourceTree = "<group>"; };
		BE9886AB15C09049008CD618 /* Meal.m */ = {isa = PBXFileReference; fileEncoding = 4; lastKnownFileType = sourcecode.c.objc; path = Meal.m; sourceTree = "<group>"; };
		BE9886AD15C09049008CD618 /* DateEaten.h */ = {isa = PBXFileReference; fileEncoding = 4; lastKnownFileType = sourcecode.c.h; path = DateEaten.h; sourceTree = "<group>"; };
		BE9886AE15C09049008CD618 /* DateEaten.m */ = {isa = PBXFileReference; fileEncoding = 4; lastKnownFileType = sourcecode.c.objc; path = DateEaten.m; sourceTree = "<group>"; };
		BE9886B015C0908D008CD618 /* DateEaten+Create.h */ = {isa = PBXFileReference; fileEncoding = 4; lastKnownFileType = sourcecode.c.h; path = "DateEaten+Create.h"; sourceTree = "<group>"; };
		BE9886B115C0908D008CD618 /* DateEaten+Create.m */ = {isa = PBXFileReference; fileEncoding = 4; lastKnownFileType = sourcecode.c.objc; path = "DateEaten+Create.m"; sourceTree = "<group>"; };
		BEBDCD961A8C49490033FD4C /* RestKit.xcodeproj */ = {isa = PBXFileReference; lastKnownFileType = "wrapper.pb-project"; name = RestKit.xcodeproj; path = MealTracker/RestKit/RestKit.xcodeproj; sourceTree = "<group>"; };
		BEBDCDAA1A8C4C170033FD4C /* BaseMealService.h */ = {isa = PBXFileReference; fileEncoding = 4; lastKnownFileType = sourcecode.c.h; path = BaseMealService.h; sourceTree = "<group>"; };
		BEBDCDAB1A8C4C170033FD4C /* BaseMealService.m */ = {isa = PBXFileReference; fileEncoding = 4; lastKnownFileType = sourcecode.c.objc; path = BaseMealService.m; sourceTree = "<group>"; };
		BEBDCDAC1A8C4C170033FD4C /* MealService.h */ = {isa = PBXFileReference; fileEncoding = 4; lastKnownFileType = sourcecode.c.h; path = MealService.h; sourceTree = "<group>"; };
		BEBDCDAD1A8C4C170033FD4C /* MealServiceErrors.h */ = {isa = PBXFileReference; fileEncoding = 4; lastKnownFileType = sourcecode.c.h; path = MealServiceErrors.h; sourceTree = "<group>"; };
		BEBDCDAE1A8C4C170033FD4C /* ServiceClient.h */ = {isa = PBXFileReference; fileEncoding = 4; lastKnownFileType = sourcecode.c.h; path = ServiceClient.h; sourceTree = "<group>"; };
		BEBDCDAF1A8C4C170033FD4C /* ServiceClient.m */ = {isa = PBXFileReference; fileEncoding = 4; lastKnownFileType = sourcecode.c.objc; path = ServiceClient.m; sourceTree = "<group>"; };
		BEBDCDB21A8C512A0033FD4C /* CFNetwork.framework */ = {isa = PBXFileReference; lastKnownFileType = wrapper.framework; name = CFNetwork.framework; path = System/Library/Frameworks/CFNetwork.framework; sourceTree = SDKROOT; };
		BEBDCDB41A8C513B0033FD4C /* MobileCoreServices.framework */ = {isa = PBXFileReference; lastKnownFileType = wrapper.framework; name = MobileCoreServices.framework; path = System/Library/Frameworks/MobileCoreServices.framework; sourceTree = SDKROOT; };
		BEBDCDB61A8C51500033FD4C /* Security.framework */ = {isa = PBXFileReference; lastKnownFileType = wrapper.framework; name = Security.framework; path = System/Library/Frameworks/Security.framework; sourceTree = SDKROOT; };
		BEBDCDB81A8C515F0033FD4C /* SystemConfiguration.framework */ = {isa = PBXFileReference; lastKnownFileType = wrapper.framework; name = SystemConfiguration.framework; path = System/Library/Frameworks/SystemConfiguration.framework; sourceTree = SDKROOT; };
		BEBDCDBB1A8C55740033FD4C /* SaveMealService.h */ = {isa = PBXFileReference; fileEncoding = 4; lastKnownFileType = sourcecode.c.h; path = SaveMealService.h; sourceTree = "<group>"; };
		BEBDCDBC1A8C55740033FD4C /* SaveMealService.m */ = {isa = PBXFileReference; fileEncoding = 4; lastKnownFileType = sourcecode.c.objc; path = SaveMealService.m; sourceTree = "<group>"; };
		BEBDCDBF1A8C5F1A0033FD4C /* MealData.h */ = {isa = PBXFileReference; fileEncoding = 4; lastKnownFileType = sourcecode.c.h; path = MealData.h; sourceTree = "<group>"; };
		BEBDCDC01A8C5F1A0033FD4C /* MealData.m */ = {isa = PBXFileReference; fileEncoding = 4; lastKnownFileType = sourcecode.c.objc; path = MealData.m; sourceTree = "<group>"; };
		BEBDCDC21A8C674A0033FD4C /* LoginTableViewController.h */ = {isa = PBXFileReference; fileEncoding = 4; lastKnownFileType = sourcecode.c.h; path = LoginTableViewController.h; sourceTree = "<group>"; };
		BEBDCDC31A8C674A0033FD4C /* LoginTableViewController.m */ = {isa = PBXFileReference; fileEncoding = 4; lastKnownFileType = sourcecode.c.objc; path = LoginTableViewController.m; sourceTree = "<group>"; };
		BEBDCDC51A8C6D0B0033FD4C /* User.h */ = {isa = PBXFileReference; fileEncoding = 4; lastKnownFileType = sourcecode.c.h; path = User.h; sourceTree = "<group>"; };
		BEBDCDC61A8C6D0B0033FD4C /* User.m */ = {isa = PBXFileReference; fileEncoding = 4; lastKnownFileType = sourcecode.c.objc; path = User.m; sourceTree = "<group>"; };
		BEBDCDC81A8C6F360033FD4C /* MealAuthenticationService.h */ = {isa = PBXFileReference; fileEncoding = 4; lastKnownFileType = sourcecode.c.h; path = MealAuthenticationService.h; sourceTree = "<group>"; };
		BEBDCDC91A8C6F360033FD4C /* MealAuthenticationService.m */ = {isa = PBXFileReference; fileEncoding = 4; lastKnownFileType = sourcecode.c.objc; path = MealAuthenticationService.m; sourceTree = "<group>"; };
		BEDEAC6315BB9470008D3BF4 /* Meal+Create.h */ = {isa = PBXFileReference; fileEncoding = 4; lastKnownFileType = sourcecode.c.h; path = "Meal+Create.h"; sourceTree = "<group>"; };
		BEDEAC6415BB9470008D3BF4 /* Meal+Create.m */ = {isa = PBXFileReference; fileEncoding = 4; lastKnownFileType = sourcecode.c.objc; path = "Meal+Create.m"; sourceTree = "<group>"; };
		BEDEAC6E15BBA0CA008D3BF4 /* MealEntryViewController.h */ = {isa = PBXFileReference; fileEncoding = 4; lastKnownFileType = sourcecode.c.h; path = MealEntryViewController.h; sourceTree = "<group>"; };
		BEDEAC6F15BBA0CA008D3BF4 /* MealEntryViewController.m */ = {isa = PBXFileReference; fileEncoding = 4; lastKnownFileType = sourcecode.c.objc; path = MealEntryViewController.m; sourceTree = "<group>"; };
		BEDEAC7115BBA3D8008D3BF4 /* NSMutableDictionary+MealDictionary.h */ = {isa = PBXFileReference; fileEncoding = 4; lastKnownFileType = sourcecode.c.h; path = "NSMutableDictionary+MealDictionary.h"; sourceTree = "<group>"; };
		BEDEAC7215BBA3D9008D3BF4 /* NSMutableDictionary+MealDictionary.m */ = {isa = PBXFileReference; fileEncoding = 4; lastKnownFileType = sourcecode.c.objc; path = "NSMutableDictionary+MealDictionary.m"; sourceTree = "<group>"; };
/* End PBXFileReference section */

/* Begin PBXFrameworksBuildPhase section */
		BE3AFEEA15BB754F006BC0D6 /* Frameworks */ = {
			isa = PBXFrameworksBuildPhase;
			buildActionMask = 2147483647;
			files = (
				BEBDCDB91A8C515F0033FD4C /* SystemConfiguration.framework in Frameworks */,
				BEBDCDB71A8C51500033FD4C /* Security.framework in Frameworks */,
				BEBDCDB51A8C513B0033FD4C /* MobileCoreServices.framework in Frameworks */,
				BEBDCDB31A8C512A0033FD4C /* CFNetwork.framework in Frameworks */,
				BEBDCDA71A8C49E90033FD4C /* libRestKit.a in Frameworks */,
				BE3AFF1515BB7E5B006BC0D6 /* CoreData.framework in Frameworks */,
				BE3AFEF215BB754F006BC0D6 /* UIKit.framework in Frameworks */,
				BE3AFEF415BB754F006BC0D6 /* Foundation.framework in Frameworks */,
				BE3AFEF615BB754F006BC0D6 /* CoreGraphics.framework in Frameworks */,
			);
			runOnlyForDeploymentPostprocessing = 0;
		};
/* End PBXFrameworksBuildPhase section */

/* Begin PBXGroup section */
		BE1BC63C15EDE777000E31F8 /* Categories */ = {
			isa = PBXGroup;
			children = (
				BEDEAC7115BBA3D8008D3BF4 /* NSMutableDictionary+MealDictionary.h */,
				BEDEAC7215BBA3D9008D3BF4 /* NSMutableDictionary+MealDictionary.m */,
				BE4392E215C0AD5E00745158 /* NSDate+day.h */,
				BE4392E315C0AD5E00745158 /* NSDate+day.m */,
			);
			name = Categories;
			sourceTree = "<group>";
		};
		BE1BC63E15EDE7A9000E31F8 /* Core Data */ = {
			isa = PBXGroup;
			children = (
				BE3AFF1615BB7F88006BC0D6 /* CoreDataTableViewController.h */,
				BE3AFF1715BB7F88006BC0D6 /* CoreDataTableViewController.m */,
				BE9886B015C0908D008CD618 /* DateEaten+Create.h */,
				BE9886B115C0908D008CD618 /* DateEaten+Create.m */,
				BEDEAC6315BB9470008D3BF4 /* Meal+Create.h */,
				BEDEAC6415BB9470008D3BF4 /* Meal+Create.m */,
				BE3AFF0815BB75BD006BC0D6 /* MealTracker.xcdatamodeld */,
				BE9886AA15C09049008CD618 /* Meal.h */,
				BE9886AB15C09049008CD618 /* Meal.m */,
				BE9886AD15C09049008CD618 /* DateEaten.h */,
				BE9886AE15C09049008CD618 /* DateEaten.m */,
			);
			name = "Core Data";
			sourceTree = "<group>";
		};
		BE3AFEE215BB754F006BC0D6 = {
			isa = PBXGroup;
			children = (
				BE852A02160E474200A35FA2 /* Default-568h@2x.png */,
				BE3AFEF715BB754F006BC0D6 /* MealTracker */,
				BE3AFEF015BB754F006BC0D6 /* Frameworks */,
				BE3AFEEE15BB754F006BC0D6 /* Products */,
			);
			sourceTree = "<group>";
		};
		BE3AFEEE15BB754F006BC0D6 /* Products */ = {
			isa = PBXGroup;
			children = (
				BE3AFEED15BB754F006BC0D6 /* MealTracker.app */,
			);
			name = Products;
			sourceTree = "<group>";
		};
		BE3AFEF015BB754F006BC0D6 /* Frameworks */ = {
			isa = PBXGroup;
			children = (
				BEBDCDB81A8C515F0033FD4C /* SystemConfiguration.framework */,
				BEBDCDB61A8C51500033FD4C /* Security.framework */,
				BEBDCDB41A8C513B0033FD4C /* MobileCoreServices.framework */,
				BEBDCDB21A8C512A0033FD4C /* CFNetwork.framework */,
				BEBDCD961A8C49490033FD4C /* RestKit.xcodeproj */,
				BE3AFF1415BB7E5B006BC0D6 /* CoreData.framework */,
				BE3AFEF115BB754F006BC0D6 /* UIKit.framework */,
				BE3AFEF315BB754F006BC0D6 /* Foundation.framework */,
				BE3AFEF515BB754F006BC0D6 /* CoreGraphics.framework */,
			);
			name = Frameworks;
			sourceTree = "<group>";
		};
		BE3AFEF715BB754F006BC0D6 /* MealTracker */ = {
			isa = PBXGroup;
			children = (
				BE1BC63C15EDE777000E31F8 /* Categories */,
				BE1BC63E15EDE7A9000E31F8 /* Core Data */,
				BE16D42F1A8B0968004E897A /* Images.xcassets */,
				BE3AFF0B15BB79F9006BC0D6 /* iPhone.storyboard */,
				BE16D4321A8B0D33004E897A /* Launch Screen.xib */,
				BEBDCDC21A8C674A0033FD4C /* LoginTableViewController.h */,
				BEBDCDC31A8C674A0033FD4C /* LoginTableViewController.m */,
				BEDEAC6E15BBA0CA008D3BF4 /* MealEntryViewController.h */,
				BEDEAC6F15BBA0CA008D3BF4 /* MealEntryViewController.m */,
				BE3AFF0015BB754F006BC0D6 /* MealTrackerAppDelegate.h */,
				BE3AFF0115BB754F006BC0D6 /* MealTrackerAppDelegate.m */,
				BE3AFF0D15BB7A3A006BC0D6 /* MealTrackerTableViewController.h */,
				BE3AFF0E15BB7A3A006BC0D6 /* MealTrackerTableViewController.m */,
				BE2C9AD715C47E2300DD6070 /* plusButton.png */,
				BEBDCDA81A8C4B4B0033FD4C /* Service Layer */,
				BE3AFEF815BB754F006BC0D6 /* Supporting Files */,
				BE7E957115C0965500AE0C94 /* TrackerTableViewController.h */,
				BE7E957215C0965500AE0C94 /* TrackerTableViewController.m */,
			);
			path = MealTracker;
			sourceTree = "<group>";
		};
		BE3AFEF815BB754F006BC0D6 /* Supporting Files */ = {
			isa = PBXGroup;
			children = (
				BE3AFEF915BB754F006BC0D6 /* MealTracker-Info.plist */,
				BE3AFEFA15BB754F006BC0D6 /* InfoPlist.strings */,
				BE3AFEFD15BB754F006BC0D6 /* main.m */,
				BE3AFEFF15BB754F006BC0D6 /* MealTracker-Prefix.pch */,
			);
			name = "Supporting Files";
			sourceTree = "<group>";
		};
		BEBDCD971A8C49490033FD4C /* Products */ = {
			isa = PBXGroup;
			children = (
				BEBDCD9E1A8C49490033FD4C /* libRestKit.a */,
				BEBDCDA01A8C49490033FD4C /* RestKitTests.octest */,
				BEBDCDA21A8C49490033FD4C /* RestKit.framework */,
				BEBDCDA41A8C49490033FD4C /* RestKitFrameworkTests.octest */,
			);
			name = Products;
			sourceTree = "<group>";
		};
		BEBDCDA81A8C4B4B0033FD4C /* Service Layer */ = {
			isa = PBXGroup;
			children = (
				BEBDCDAA1A8C4C170033FD4C /* BaseMealService.h */,
				BEBDCDAB1A8C4C170033FD4C /* BaseMealService.m */,
				BEBDCDC81A8C6F360033FD4C /* MealAuthenticationService.h */,
				BEBDCDC91A8C6F360033FD4C /* MealAuthenticationService.m */,
				BEBDCDAC1A8C4C170033FD4C /* MealService.h */,
				BEBDCDAD1A8C4C170033FD4C /* MealServiceErrors.h */,
				BEBDCDBE1A8C5EFD0033FD4C /* Model */,
				BE69470E1A8DAFC500BDB146 /* RetrieveMealService.h */,
				BE69470F1A8DAFC500BDB146 /* RetrieveMealService.m */,
				BEBDCDBB1A8C55740033FD4C /* SaveMealService.h */,
				BEBDCDBC1A8C55740033FD4C /* SaveMealService.m */,
				BEBDCDAE1A8C4C170033FD4C /* ServiceClient.h */,
				BEBDCDAF1A8C4C170033FD4C /* ServiceClient.m */,
			);
			path = "Service Layer";
			sourceTree = "<group>";
		};
		BEBDCDBE1A8C5EFD0033FD4C /* Model */ = {
			isa = PBXGroup;
			children = (
				BEBDCDBF1A8C5F1A0033FD4C /* MealData.h */,
				BEBDCDC01A8C5F1A0033FD4C /* MealData.m */,
				BEBDCDC51A8C6D0B0033FD4C /* User.h */,
				BEBDCDC61A8C6D0B0033FD4C /* User.m */,
			);
			path = Model;
			sourceTree = "<group>";
		};
/* End PBXGroup section */

/* Begin PBXNativeTarget section */
		BE3AFEEC15BB754F006BC0D6 /* MealTracker */ = {
			isa = PBXNativeTarget;
			buildConfigurationList = BE3AFF0515BB754F006BC0D6 /* Build configuration list for PBXNativeTarget "MealTracker" */;
			buildPhases = (
				BE3AFEE915BB754F006BC0D6 /* Sources */,
				BE3AFEEA15BB754F006BC0D6 /* Frameworks */,
				BE3AFEEB15BB754F006BC0D6 /* Resources */,
			);
			buildRules = (
			);
			dependencies = (
				BEBDCDA61A8C49DA0033FD4C /* PBXTargetDependency */,
			);
			name = MealTracker;
			productName = MealTracker;
			productReference = BE3AFEED15BB754F006BC0D6 /* MealTracker.app */;
			productType = "com.apple.product-type.application";
		};
/* End PBXNativeTarget section */

/* Begin PBXProject section */
		BE3AFEE415BB754F006BC0D6 /* Project object */ = {
			isa = PBXProject;
			attributes = {
				CLASSPREFIX = MealTracker;
				LastUpgradeCheck = 0610;
				TargetAttributes = {
					BE3AFEEC15BB754F006BC0D6 = {
						DevelopmentTeam = 5EW7K5N9Y3;
					};
				};
			};
			buildConfigurationList = BE3AFEE715BB754F006BC0D6 /* Build configuration list for PBXProject "MealTracker" */;
			compatibilityVersion = "Xcode 3.2";
			developmentRegion = English;
			hasScannedForEncodings = 0;
			knownRegions = (
				en,
			);
			mainGroup = BE3AFEE215BB754F006BC0D6;
			productRefGroup = BE3AFEEE15BB754F006BC0D6 /* Products */;
			projectDirPath = "";
			projectReferences = (
				{
					ProductGroup = BEBDCD971A8C49490033FD4C /* Products */;
					ProjectRef = BEBDCD961A8C49490033FD4C /* RestKit.xcodeproj */;
				},
			);
			projectRoot = "";
			targets = (
				BE3AFEEC15BB754F006BC0D6 /* MealTracker */,
			);
		};
/* End PBXProject section */

/* Begin PBXReferenceProxy section */
		BEBDCD9E1A8C49490033FD4C /* libRestKit.a */ = {
			isa = PBXReferenceProxy;
			fileType = archive.ar;
			path = libRestKit.a;
			remoteRef = BEBDCD9D1A8C49490033FD4C /* PBXContainerItemProxy */;
			sourceTree = BUILT_PRODUCTS_DIR;
		};
		BEBDCDA01A8C49490033FD4C /* RestKitTests.octest */ = {
			isa = PBXReferenceProxy;
			fileType = wrapper.cfbundle;
			path = RestKitTests.octest;
			remoteRef = BEBDCD9F1A8C49490033FD4C /* PBXContainerItemProxy */;
			sourceTree = BUILT_PRODUCTS_DIR;
		};
		BEBDCDA21A8C49490033FD4C /* RestKit.framework */ = {
			isa = PBXReferenceProxy;
			fileType = wrapper.framework;
			path = RestKit.framework;
			remoteRef = BEBDCDA11A8C49490033FD4C /* PBXContainerItemProxy */;
			sourceTree = BUILT_PRODUCTS_DIR;
		};
		BEBDCDA41A8C49490033FD4C /* RestKitFrameworkTests.octest */ = {
			isa = PBXReferenceProxy;
			fileType = wrapper.cfbundle;
			path = RestKitFrameworkTests.octest;
			remoteRef = BEBDCDA31A8C49490033FD4C /* PBXContainerItemProxy */;
			sourceTree = BUILT_PRODUCTS_DIR;
		};
/* End PBXReferenceProxy section */

/* Begin PBXResourcesBuildPhase section */
		BE3AFEEB15BB754F006BC0D6 /* Resources */ = {
			isa = PBXResourcesBuildPhase;
			buildActionMask = 2147483647;
			files = (
				BE3AFEFC15BB754F006BC0D6 /* InfoPlist.strings in Resources */,
				BE16D4301A8B0968004E897A /* Images.xcassets in Resources */,
				BE3AFF0C15BB79F9006BC0D6 /* iPhone.storyboard in Resources */,
				BE2C9AD815C47E2300DD6070 /* plusButton.png in Resources */,
				BE852A03160E474200A35FA2 /* Default-568h@2x.png in Resources */,
				BE16D4331A8B0D33004E897A /* Launch Screen.xib in Resources */,
			);
			runOnlyForDeploymentPostprocessing = 0;
		};
/* End PBXResourcesBuildPhase section */

/* Begin PBXSourcesBuildPhase section */
		BE3AFEE915BB754F006BC0D6 /* Sources */ = {
			isa = PBXSourcesBuildPhase;
			buildActionMask = 2147483647;
			files = (
				BEBDCDB01A8C4C170033FD4C /* BaseMealService.m in Sources */,
				BEBDCDC11A8C5F1A0033FD4C /* MealData.m in Sources */,
				BEBDCDCA1A8C6F360033FD4C /* MealAuthenticationService.m in Sources */,
				BE3AFEFE15BB754F006BC0D6 /* main.m in Sources */,
				BE3AFF0215BB754F006BC0D6 /* MealTrackerAppDelegate.m in Sources */,
				BE3AFF0A15BB75BD006BC0D6 /* MealTracker.xcdatamodeld in Sources */,
				BE3AFF0F15BB7A3A006BC0D6 /* MealTrackerTableViewController.m in Sources */,
				BE3AFF1815BB7F88006BC0D6 /* CoreDataTableViewController.m in Sources */,
				BEBDCDBD1A8C55740033FD4C /* SaveMealService.m in Sources */,
				BEDEAC6515BB9470008D3BF4 /* Meal+Create.m in Sources */,
				BEDEAC7015BBA0CA008D3BF4 /* MealEntryViewController.m in Sources */,
				BEDEAC7315BBA3D9008D3BF4 /* NSMutableDictionary+MealDictionary.m in Sources */,
				BE9886AC15C09049008CD618 /* Meal.m in Sources */,
				BE9886AF15C09049008CD618 /* DateEaten.m in Sources */,
				BEBDCDC41A8C674A0033FD4C /* LoginTableViewController.m in Sources */,
				BE9886B215C0908D008CD618 /* DateEaten+Create.m in Sources */,
				BEBDCDC71A8C6D0B0033FD4C /* User.m in Sources */,
				BE6947101A8DAFC500BDB146 /* RetrieveMealService.m in Sources */,
				BE7E957315C0965500AE0C94 /* TrackerTableViewController.m in Sources */,
				BEBDCDB11A8C4C170033FD4C /* ServiceClient.m in Sources */,
				BE4392E415C0AD5E00745158 /* NSDate+day.m in Sources */,
			);
			runOnlyForDeploymentPostprocessing = 0;
		};
/* End PBXSourcesBuildPhase section */

/* Begin PBXTargetDependency section */
		BEBDCDA61A8C49DA0033FD4C /* PBXTargetDependency */ = {
			isa = PBXTargetDependency;
			name = RestKit;
			targetProxy = BEBDCDA51A8C49DA0033FD4C /* PBXContainerItemProxy */;
		};
/* End PBXTargetDependency section */

/* Begin PBXVariantGroup section */
		BE3AFEFA15BB754F006BC0D6 /* InfoPlist.strings */ = {
			isa = PBXVariantGroup;
			children = (
				BE3AFEFB15BB754F006BC0D6 /* en */,
			);
			name = InfoPlist.strings;
			sourceTree = "<group>";
		};
/* End PBXVariantGroup section */

/* Begin XCBuildConfiguration section */
		BE3AFF0315BB754F006BC0D6 /* Debug */ = {
			isa = XCBuildConfiguration;
			buildSettings = {
				ALWAYS_SEARCH_USER_PATHS = NO;
				CLANG_ENABLE_OBJC_ARC = YES;
				CLANG_WARN_BOOL_CONVERSION = YES;
				CLANG_WARN_CONSTANT_CONVERSION = YES;
				CLANG_WARN_EMPTY_BODY = YES;
				CLANG_WARN_ENUM_CONVERSION = YES;
				CLANG_WARN_INT_CONVERSION = YES;
				CLANG_WARN_UNREACHABLE_CODE = YES;
				CLANG_WARN__DUPLICATE_METHOD_MATCH = YES;
				CODE_SIGN_IDENTITY = "iPhone Distribution: William Hindenburg (5EW7K5N9Y3)";
				"CODE_SIGN_IDENTITY[sdk=iphoneos*]" = "iPhone Distribution: William Hindenburg (5EW7K5N9Y3)";
				COPY_PHASE_STRIP = NO;
				ENABLE_STRICT_OBJC_MSGSEND = YES;
				GCC_C_LANGUAGE_STANDARD = gnu99;
				GCC_DYNAMIC_NO_PIC = NO;
				GCC_OPTIMIZATION_LEVEL = 0;
				GCC_PREPROCESSOR_DEFINITIONS = (
					"DEBUG=1",
					"$(inherited)",
				);
				GCC_SYMBOLS_PRIVATE_EXTERN = NO;
				GCC_VERSION = com.apple.compilers.llvm.clang.1_0;
				GCC_WARN_64_TO_32_BIT_CONVERSION = YES;
				GCC_WARN_ABOUT_RETURN_TYPE = YES;
				GCC_WARN_UNDECLARED_SELECTOR = YES;
				GCC_WARN_UNINITIALIZED_AUTOS = YES;
				GCC_WARN_UNUSED_FUNCTION = YES;
				GCC_WARN_UNUSED_VARIABLE = YES;
				IPHONEOS_DEPLOYMENT_TARGET = 8.1;
				ONLY_ACTIVE_ARCH = YES;
				PROVISIONING_PROFILE = "12e3c392-8232-41eb-bed5-036efe6e586f";
				SDKROOT = iphoneos;
				TARGETED_DEVICE_FAMILY = "1,2";
			};
			name = Debug;
		};
		BE3AFF0415BB754F006BC0D6 /* Release */ = {
			isa = XCBuildConfiguration;
			buildSettings = {
				ALWAYS_SEARCH_USER_PATHS = NO;
				CLANG_ENABLE_OBJC_ARC = YES;
				CLANG_WARN_BOOL_CONVERSION = YES;
				CLANG_WARN_CONSTANT_CONVERSION = YES;
				CLANG_WARN_EMPTY_BODY = YES;
				CLANG_WARN_ENUM_CONVERSION = YES;
				CLANG_WARN_INT_CONVERSION = YES;
				CLANG_WARN_UNREACHABLE_CODE = YES;
				CLANG_WARN__DUPLICATE_METHOD_MATCH = YES;
				CODE_SIGN_IDENTITY = "iPhone Distribution: William Hindenburg (5EW7K5N9Y3)";
				"CODE_SIGN_IDENTITY[sdk=iphoneos*]" = "iPhone Distribution: William Hindenburg (5EW7K5N9Y3)";
				COPY_PHASE_STRIP = YES;
				ENABLE_STRICT_OBJC_MSGSEND = YES;
				GCC_C_LANGUAGE_STANDARD = gnu99;
				GCC_VERSION = com.apple.compilers.llvm.clang.1_0;
				GCC_WARN_64_TO_32_BIT_CONVERSION = YES;
				GCC_WARN_ABOUT_RETURN_TYPE = YES;
				GCC_WARN_UNDECLARED_SELECTOR = YES;
				GCC_WARN_UNINITIALIZED_AUTOS = YES;
				GCC_WARN_UNUSED_FUNCTION = YES;
				GCC_WARN_UNUSED_VARIABLE = YES;
				IPHONEOS_DEPLOYMENT_TARGET = 8.1;
				OTHER_CFLAGS = "-DNS_BLOCK_ASSERTIONS=1";
				PROVISIONING_PROFILE = "12e3c392-8232-41eb-bed5-036efe6e586f";
				SDKROOT = iphoneos;
				TARGETED_DEVICE_FAMILY = "1,2";
				VALIDATE_PRODUCT = YES;
			};
			name = Release;
		};
		BE3AFF0615BB754F006BC0D6 /* Debug */ = {
			isa = XCBuildConfiguration;
			buildSettings = {
				ASSETCATALOG_COMPILER_APPICON_NAME = AppIcon;
				ASSETCATALOG_COMPILER_LAUNCHIMAGE_NAME = LaunchImage;
				CODE_SIGN_IDENTITY = "iPhone Distribution: William Hindenburg (5EW7K5N9Y3)";
				GCC_PRECOMPILE_PREFIX_HEADER = YES;
				GCC_PREFIX_HEADER = "MealTracker/MealTracker-Prefix.pch";
				INFOPLIST_FILE = "MealTracker/MealTracker-Info.plist";
				IPHONEOS_DEPLOYMENT_TARGET = 8.1;
				OTHER_LDFLAGS = (
					"-ObjC",
					"-all_load",
				);
				PRODUCT_NAME = "$(TARGET_NAME)";
				PROVISIONING_PROFILE = "12e3c392-8232-41eb-bed5-036efe6e586f";
				USER_HEADER_SEARCH_PATHS = "\"$(BUILT_PRODUCTS_DIR)/../../Headers\"";
				WRAPPER_EXTENSION = app;
			};
			name = Debug;
		};
		BE3AFF0715BB754F006BC0D6 /* Release */ = {
			isa = XCBuildConfiguration;
			buildSettings = {
				ASSETCATALOG_COMPILER_APPICON_NAME = AppIcon;
				ASSETCATALOG_COMPILER_LAUNCHIMAGE_NAME = LaunchImage;
				CODE_SIGN_IDENTITY = "iPhone Distribution: William Hindenburg (5EW7K5N9Y3)";
				GCC_PRECOMPILE_PREFIX_HEADER = YES;
				GCC_PREFIX_HEADER = "MealTracker/MealTracker-Prefix.pch";
				INFOPLIST_FILE = "MealTracker/MealTracker-Info.plist";
				IPHONEOS_DEPLOYMENT_TARGET = 8.1;
				OTHER_LDFLAGS = (
					"-ObjC",
					"-all_load",
				);
				PRODUCT_NAME = "$(TARGET_NAME)";
				PROVISIONING_PROFILE = "12e3c392-8232-41eb-bed5-036efe6e586f";
				USER_HEADER_SEARCH_PATHS = "\"$(BUILT_PRODUCTS_DIR)/../../Headers\"";
				WRAPPER_EXTENSION = app;
			};
			name = Release;
		};
/* End XCBuildConfiguration section */

/* Begin XCConfigurationList section */
		BE3AFEE715BB754F006BC0D6 /* Build configuration list for PBXProject "MealTracker" */ = {
			isa = XCConfigurationList;
			buildConfigurations = (
				BE3AFF0315BB754F006BC0D6 /* Debug */,
				BE3AFF0415BB754F006BC0D6 /* Release */,
			);
			defaultConfigurationIsVisible = 0;
			defaultConfigurationName = Release;
		};
		BE3AFF0515BB754F006BC0D6 /* Build configuration list for PBXNativeTarget "MealTracker" */ = {
			isa = XCConfigurationList;
			buildConfigurations = (
				BE3AFF0615BB754F006BC0D6 /* Debug */,
				BE3AFF0715BB754F006BC0D6 /* Release */,
			);
			defaultConfigurationIsVisible = 0;
			defaultConfigurationName = Release;
		};
/* End XCConfigurationList section */

/* Begin XCVersionGroup section */
		BE3AFF0815BB75BD006BC0D6 /* MealTracker.xcdatamodeld */ = {
			isa = XCVersionGroup;
			children = (
				BE3AFF0915BB75BD006BC0D6 /* MealTracker.xcdatamodel */,
			);
			currentVersion = BE3AFF0915BB75BD006BC0D6 /* MealTracker.xcdatamodel */;
			path = MealTracker.xcdatamodeld;
			sourceTree = "<group>";
			versionGroupType = wrapper.xcdatamodel;
		};
/* End XCVersionGroup section */
	};
	rootObject = BE3AFEE415BB754F006BC0D6 /* Project object */;
}
